// !$*UTF8*$!
{
	archiveVersion = 1;
	classes = {
	};
	objectVersion = 52;
	objects = {

/* Begin PBXBuildFile section */
		641F87721BD4E2A9612BD226 /* Pods_Snowman.framework in Frameworks */ = {isa = PBXBuildFile; fileRef = 7CA2FF155FE64827A2BCD39F /* Pods_Snowman.framework */; };
		C7C9CDF32737625800DC2A09 /* AppDelegate.swift in Sources */ = {isa = PBXBuildFile; fileRef = C7C9CDF22737625800DC2A09 /* AppDelegate.swift */; };
		C7C9CDF72737625800DC2A09 /* ViewController.swift in Sources */ = {isa = PBXBuildFile; fileRef = C7C9CDF62737625800DC2A09 /* ViewController.swift */; };
		C7C9CDFC2737625F00DC2A09 /* Assets.xcassets in Resources */ = {isa = PBXBuildFile; fileRef = C7C9CDFB2737625F00DC2A09 /* Assets.xcassets */; };
		C7C9CDFF2737625F00DC2A09 /* LaunchScreen.storyboard in Resources */ = {isa = PBXBuildFile; fileRef = C7C9CDFD2737625F00DC2A09 /* LaunchScreen.storyboard */; };
		C7EDAD23274563EA008C699C /* SpoqaHanSansNeo-bold.otf in Resources */ = {isa = PBXBuildFile; fileRef = C7EDAD20274563E8008C699C /* SpoqaHanSansNeo-bold.otf */; };
		C7EDAD24274563EA008C699C /* SpoqaHanSansNeo-medium.otf in Resources */ = {isa = PBXBuildFile; fileRef = C7EDAD21274563E9008C699C /* SpoqaHanSansNeo-medium.otf */; };
		C7EDAD25274563EA008C699C /* SpoqaHanSansNeo-regular.otf in Resources */ = {isa = PBXBuildFile; fileRef = C7EDAD22274563EA008C699C /* SpoqaHanSansNeo-regular.otf */; };
		DD70F2F527411E5F0053374B /* Network.swift in Sources */ = {isa = PBXBuildFile; fileRef = DD70F2F427411E5F0053374B /* Network.swift */; };
		DD70F2FB27411EC60053374B /* Util.swift in Sources */ = {isa = PBXBuildFile; fileRef = DD70F2FA27411EC60053374B /* Util.swift */; };
		DD70F2FD27411EFB0053374B /* Image.swift in Sources */ = {isa = PBXBuildFile; fileRef = DD70F2FC27411EFB0053374B /* Image.swift */; };
		DD70F2FF27411F020053374B /* Color.swift in Sources */ = {isa = PBXBuildFile; fileRef = DD70F2FE27411F020053374B /* Color.swift */; };
		DD70F30127411F0A0053374B /* Font.swift in Sources */ = {isa = PBXBuildFile; fileRef = DD70F30027411F0A0053374B /* Font.swift */; };
		DD70F3042741202D0053374B /* SnapKit in Frameworks */ = {isa = PBXBuildFile; productRef = DD70F3032741202D0053374B /* SnapKit */; };
		DD70F30D2741209F0053374B /* Then in Frameworks */ = {isa = PBXBuildFile; productRef = DD70F30C2741209F0053374B /* Then */; };
		DD70F310274120C10053374B /* Kingfisher in Frameworks */ = {isa = PBXBuildFile; productRef = DD70F30F274120C10053374B /* Kingfisher */; };
		DD70F313274121030053374B /* KDCalendar in Frameworks */ = {isa = PBXBuildFile; productRef = DD70F312274121030053374B /* KDCalendar */; };
		DD70F316274121570053374B /* PanModal in Frameworks */ = {isa = PBXBuildFile; productRef = DD70F315274121570053374B /* PanModal */; };
		DD70F31D2741254B0053374B /* Moya in Frameworks */ = {isa = PBXBuildFile; productRef = DD70F31C2741254B0053374B /* Moya */; };
		DDFAF14927457FA4005A3097 /* BaseNavigationController.swift in Sources */ = {isa = PBXBuildFile; fileRef = DDFAF14827457FA4005A3097 /* BaseNavigationController.swift */; };
		DDFAF14B27457FCB005A3097 /* BaseViewController.swift in Sources */ = {isa = PBXBuildFile; fileRef = DDFAF14A27457FCB005A3097 /* BaseViewController.swift */; };
/* End PBXBuildFile section */

/* Begin PBXFileReference section */
		788ACA07E071AF9CA17DB541 /* Pods-Snowman.release.xcconfig */ = {isa = PBXFileReference; includeInIndex = 1; lastKnownFileType = text.xcconfig; name = "Pods-Snowman.release.xcconfig"; path = "Target Support Files/Pods-Snowman/Pods-Snowman.release.xcconfig"; sourceTree = "<group>"; };
		7CA2FF155FE64827A2BCD39F /* Pods_Snowman.framework */ = {isa = PBXFileReference; explicitFileType = wrapper.framework; includeInIndex = 0; path = Pods_Snowman.framework; sourceTree = BUILT_PRODUCTS_DIR; };
		9688495685D4CE9B2C338215 /* Pods-Snowman.debug.xcconfig */ = {isa = PBXFileReference; includeInIndex = 1; lastKnownFileType = text.xcconfig; name = "Pods-Snowman.debug.xcconfig"; path = "Target Support Files/Pods-Snowman/Pods-Snowman.debug.xcconfig"; sourceTree = "<group>"; };
		C7C9CDEF2737625800DC2A09 /* Snowman.app */ = {isa = PBXFileReference; explicitFileType = wrapper.application; includeInIndex = 0; path = Snowman.app; sourceTree = BUILT_PRODUCTS_DIR; };
		C7C9CDF22737625800DC2A09 /* AppDelegate.swift */ = {isa = PBXFileReference; lastKnownFileType = sourcecode.swift; path = AppDelegate.swift; sourceTree = "<group>"; };
		C7C9CDF62737625800DC2A09 /* ViewController.swift */ = {isa = PBXFileReference; lastKnownFileType = sourcecode.swift; path = ViewController.swift; sourceTree = "<group>"; };
		C7C9CDFB2737625F00DC2A09 /* Assets.xcassets */ = {isa = PBXFileReference; lastKnownFileType = folder.assetcatalog; path = Assets.xcassets; sourceTree = "<group>"; };
		C7C9CDFE2737625F00DC2A09 /* Base */ = {isa = PBXFileReference; lastKnownFileType = file.storyboard; name = Base; path = Base.lproj/LaunchScreen.storyboard; sourceTree = "<group>"; };
		C7C9CE002737625F00DC2A09 /* Info.plist */ = {isa = PBXFileReference; lastKnownFileType = text.plist.xml; path = Info.plist; sourceTree = "<group>"; };
		C7EDAD20274563E8008C699C /* SpoqaHanSansNeo-bold.otf */ = {isa = PBXFileReference; lastKnownFileType = file; path = "SpoqaHanSansNeo-bold.otf"; sourceTree = "<group>"; };
		C7EDAD21274563E9008C699C /* SpoqaHanSansNeo-medium.otf */ = {isa = PBXFileReference; lastKnownFileType = file; path = "SpoqaHanSansNeo-medium.otf"; sourceTree = "<group>"; };
		C7EDAD22274563EA008C699C /* SpoqaHanSansNeo-regular.otf */ = {isa = PBXFileReference; lastKnownFileType = file; path = "SpoqaHanSansNeo-regular.otf"; sourceTree = "<group>"; };
		DD70F2F427411E5F0053374B /* Network.swift */ = {isa = PBXFileReference; lastKnownFileType = sourcecode.swift; path = Network.swift; sourceTree = "<group>"; };
		DD70F2FA27411EC60053374B /* Util.swift */ = {isa = PBXFileReference; lastKnownFileType = sourcecode.swift; path = Util.swift; sourceTree = "<group>"; };
		DD70F2FC27411EFB0053374B /* Image.swift */ = {isa = PBXFileReference; lastKnownFileType = sourcecode.swift; path = Image.swift; sourceTree = "<group>"; };
		DD70F2FE27411F020053374B /* Color.swift */ = {isa = PBXFileReference; lastKnownFileType = sourcecode.swift; path = Color.swift; sourceTree = "<group>"; };
		DD70F30027411F0A0053374B /* Font.swift */ = {isa = PBXFileReference; lastKnownFileType = sourcecode.swift; path = Font.swift; sourceTree = "<group>"; };
		DDFAF14827457FA4005A3097 /* BaseNavigationController.swift */ = {isa = PBXFileReference; lastKnownFileType = sourcecode.swift; path = BaseNavigationController.swift; sourceTree = "<group>"; };
		DDFAF14A27457FCB005A3097 /* BaseViewController.swift */ = {isa = PBXFileReference; lastKnownFileType = sourcecode.swift; path = BaseViewController.swift; sourceTree = "<group>"; };
/* End PBXFileReference section */

/* Begin PBXFrameworksBuildPhase section */
		C7C9CDEC2737625800DC2A09 /* Frameworks */ = {
			isa = PBXFrameworksBuildPhase;
			buildActionMask = 2147483647;
			files = (
				641F87721BD4E2A9612BD226 /* Pods_Snowman.framework in Frameworks */,
				DD70F313274121030053374B /* KDCalendar in Frameworks */,
				DD70F3042741202D0053374B /* SnapKit in Frameworks */,
				DD70F30D2741209F0053374B /* Then in Frameworks */,
				DD70F310274120C10053374B /* Kingfisher in Frameworks */,
				DD70F31D2741254B0053374B /* Moya in Frameworks */,
				DD70F316274121570053374B /* PanModal in Frameworks */,
			);
			runOnlyForDeploymentPostprocessing = 0;
		};
/* End PBXFrameworksBuildPhase section */

/* Begin PBXGroup section */
		2833E528DC527A38B49E41CE /* Pods */ = {
			isa = PBXGroup;
			children = (
				9688495685D4CE9B2C338215 /* Pods-Snowman.debug.xcconfig */,
				788ACA07E071AF9CA17DB541 /* Pods-Snowman.release.xcconfig */,
			);
			path = Pods;
			sourceTree = "<group>";
		};
		B2A2769D15DD64A9E0F2E2EC /* Frameworks */ = {
			isa = PBXGroup;
			children = (
				7CA2FF155FE64827A2BCD39F /* Pods_Snowman.framework */,
			);
			name = Frameworks;
			sourceTree = "<group>";
		};
		C7C9CDE62737625800DC2A09 = {
			isa = PBXGroup;
			children = (
				C7C9CDF12737625800DC2A09 /* Snowman */,
				C7C9CDF02737625800DC2A09 /* Products */,
				2833E528DC527A38B49E41CE /* Pods */,
				B2A2769D15DD64A9E0F2E2EC /* Frameworks */,
			);
			sourceTree = "<group>";
		};
		C7C9CDF02737625800DC2A09 /* Products */ = {
			isa = PBXGroup;
			children = (
				C7C9CDEF2737625800DC2A09 /* Snowman.app */,
			);
			name = Products;
			sourceTree = "<group>";
		};
		C7C9CDF12737625800DC2A09 /* Snowman */ = {
			isa = PBXGroup;
			children = (
				DD70F2EE27411C270053374B /* Support */,
				DD70F2EB27411BF70053374B /* Resource */,
				DD70F2EA27411BD60053374B /* Source */,
			);
			path = Snowman;
			sourceTree = "<group>";
		};
		C7EDAD1E274563D9008C699C /* Fonts */ = {
			isa = PBXGroup;
			children = (
				C7EDAD20274563E8008C699C /* SpoqaHanSansNeo-bold.otf */,
				C7EDAD21274563E9008C699C /* SpoqaHanSansNeo-medium.otf */,
				C7EDAD22274563EA008C699C /* SpoqaHanSansNeo-regular.otf */,
			);
			path = Fonts;
			sourceTree = "<group>";
		};
		DD70F2EA27411BD60053374B /* Source */ = {
			isa = PBXGroup;
			children = (
				DD70F2F627411E660053374B /* Component */,
				DD70F2EF27411C3D0053374B /* Feature */,
				DD70F2F327411E430053374B /* Network */,
				DD70F2F927411EBB0053374B /* Util */,
			);
			path = Source;
			sourceTree = "<group>";
		};
		DD70F2EB27411BF70053374B /* Resource */ = {
			isa = PBXGroup;
			children = (
				C7EDAD1E274563D9008C699C /* Fonts */,
				DD70F2EC27411C060053374B /* Storyboard */,
				C7C9CDFB2737625F00DC2A09 /* Assets.xcassets */,
				DD70F2FC27411EFB0053374B /* Image.swift */,
				DD70F2FE27411F020053374B /* Color.swift */,
				DD70F30027411F0A0053374B /* Font.swift */,
			);
			path = Resource;
			sourceTree = "<group>";
		};
		DD70F2EC27411C060053374B /* Storyboard */ = {
			isa = PBXGroup;
			children = (
				C7C9CDFD2737625F00DC2A09 /* LaunchScreen.storyboard */,
			);
			path = Storyboard;
			sourceTree = "<group>";
		};
		DD70F2ED27411C170053374B /* Config */ = {
			isa = PBXGroup;
			children = (
				C7C9CE002737625F00DC2A09 /* Info.plist */,
			);
			path = Config;
			sourceTree = "<group>";
		};
		DD70F2EE27411C270053374B /* Support */ = {
			isa = PBXGroup;
			children = (
				C7C9CDF22737625800DC2A09 /* AppDelegate.swift */,
				DD70F2ED27411C170053374B /* Config */,
			);
			path = Support;
			sourceTree = "<group>";
		};
		DD70F2EF27411C3D0053374B /* Feature */ = {
			isa = PBXGroup;
			children = (
				DDFAF14527457EF8005A3097 /* NewCharacter */,
				C7C9CDF62737625800DC2A09 /* ViewController.swift */,
			);
			path = Feature;
			sourceTree = "<group>";
		};
		DD70F2F327411E430053374B /* Network */ = {
			isa = PBXGroup;
			children = (
				DD70F2F427411E5F0053374B /* Network.swift */,
			);
			path = Network;
			sourceTree = "<group>";
		};
		DD70F2F627411E660053374B /* Component */ = {
			isa = PBXGroup;
			children = (
				DDFAF14C27457FCF005A3097 /* Base */,
			);
			path = Component;
			sourceTree = "<group>";
		};
		DD70F2F927411EBB0053374B /* Util */ = {
			isa = PBXGroup;
			children = (
				DD70F2FA27411EC60053374B /* Util.swift */,
			);
			path = Util;
			sourceTree = "<group>";
		};
		DDFAF14527457EF8005A3097 /* NewCharacter */ = {
			isa = PBXGroup;
			children = (
			);
			path = NewCharacter;
			sourceTree = "<group>";
		};
		DDFAF14C27457FCF005A3097 /* Base */ = {
			isa = PBXGroup;
			children = (
				DDFAF14827457FA4005A3097 /* BaseNavigationController.swift */,
				DDFAF14A27457FCB005A3097 /* BaseViewController.swift */,
			);
			path = Base;
			sourceTree = "<group>";
		};
/* End PBXGroup section */

/* Begin PBXNativeTarget section */
		C7C9CDEE2737625800DC2A09 /* Snowman */ = {
			isa = PBXNativeTarget;
			buildConfigurationList = C7C9CE032737625F00DC2A09 /* Build configuration list for PBXNativeTarget "Snowman" */;
			buildPhases = (
				12A64F28673309B6ED9A1B86 /* [CP] Check Pods Manifest.lock */,
				C7C9CDEB2737625800DC2A09 /* Sources */,
				C7C9CDEC2737625800DC2A09 /* Frameworks */,
				C7C9CDED2737625800DC2A09 /* Resources */,
				DD70F31A274121EC0053374B /* ShellScript */,
			);
			buildRules = (
			);
			dependencies = (
			);
			name = Snowman;
			packageProductDependencies = (
				DD70F3032741202D0053374B /* SnapKit */,
				DD70F30C2741209F0053374B /* Then */,
				DD70F30F274120C10053374B /* Kingfisher */,
				DD70F312274121030053374B /* KDCalendar */,
				DD70F315274121570053374B /* PanModal */,
				DD70F31C2741254B0053374B /* Moya */,
			);
			productName = Snowman;
			productReference = C7C9CDEF2737625800DC2A09 /* Snowman.app */;
			productType = "com.apple.product-type.application";
		};
/* End PBXNativeTarget section */

/* Begin PBXProject section */
		C7C9CDE72737625800DC2A09 /* Project object */ = {
			isa = PBXProject;
			attributes = {
				LastSwiftUpdateCheck = 1240;
				LastUpgradeCheck = 1240;
				TargetAttributes = {
					C7C9CDEE2737625800DC2A09 = {
						CreatedOnToolsVersion = 12.4;
					};
				};
			};
			buildConfigurationList = C7C9CDEA2737625800DC2A09 /* Build configuration list for PBXProject "Snowman" */;
			compatibilityVersion = "Xcode 9.3";
			developmentRegion = en;
			hasScannedForEncodings = 0;
			knownRegions = (
				en,
				Base,
			);
			mainGroup = C7C9CDE62737625800DC2A09;
			packageReferences = (
				DD70F3022741202D0053374B /* XCRemoteSwiftPackageReference "SnapKit" */,
				DD70F30B2741209F0053374B /* XCRemoteSwiftPackageReference "Then" */,
				DD70F30E274120C10053374B /* XCRemoteSwiftPackageReference "Kingfisher" */,
				DD70F311274121030053374B /* XCRemoteSwiftPackageReference "CalendarView" */,
				DD70F314274121570053374B /* XCRemoteSwiftPackageReference "PanModal" */,
				DD70F31B2741254B0053374B /* XCRemoteSwiftPackageReference "Moya" */,
			);
			productRefGroup = C7C9CDF02737625800DC2A09 /* Products */;
			projectDirPath = "";
			projectRoot = "";
			targets = (
				C7C9CDEE2737625800DC2A09 /* Snowman */,
			);
		};
/* End PBXProject section */

/* Begin PBXResourcesBuildPhase section */
		C7C9CDED2737625800DC2A09 /* Resources */ = {
			isa = PBXResourcesBuildPhase;
			buildActionMask = 2147483647;
			files = (
				C7EDAD23274563EA008C699C /* SpoqaHanSansNeo-bold.otf in Resources */,
				C7EDAD24274563EA008C699C /* SpoqaHanSansNeo-medium.otf in Resources */,
				C7C9CDFF2737625F00DC2A09 /* LaunchScreen.storyboard in Resources */,
				C7C9CDFC2737625F00DC2A09 /* Assets.xcassets in Resources */,
				C7EDAD25274563EA008C699C /* SpoqaHanSansNeo-regular.otf in Resources */,
			);
			runOnlyForDeploymentPostprocessing = 0;
		};
/* End PBXResourcesBuildPhase section */

/* Begin PBXShellScriptBuildPhase section */
		12A64F28673309B6ED9A1B86 /* [CP] Check Pods Manifest.lock */ = {
			isa = PBXShellScriptBuildPhase;
			buildActionMask = 2147483647;
			files = (
			);
			inputFileListPaths = (
			);
			inputPaths = (
				"${PODS_PODFILE_DIR_PATH}/Podfile.lock",
				"${PODS_ROOT}/Manifest.lock",
			);
			name = "[CP] Check Pods Manifest.lock";
			outputFileListPaths = (
			);
			outputPaths = (
				"$(DERIVED_FILE_DIR)/Pods-Snowman-checkManifestLockResult.txt",
			);
			runOnlyForDeploymentPostprocessing = 0;
			shellPath = /bin/sh;
			shellScript = "diff \"${PODS_PODFILE_DIR_PATH}/Podfile.lock\" \"${PODS_ROOT}/Manifest.lock\" > /dev/null\nif [ $? != 0 ] ; then\n    # print error to STDERR\n    echo \"error: The sandbox is not in sync with the Podfile.lock. Run 'pod install' or update your CocoaPods installation.\" >&2\n    exit 1\nfi\n# This output is used by Xcode 'outputs' to avoid re-running this script phase.\necho \"SUCCESS\" > \"${SCRIPT_OUTPUT_FILE_0}\"\n";
			showEnvVarsInLog = 0;
		};
		DD70F31A274121EC0053374B /* ShellScript */ = {
			isa = PBXShellScriptBuildPhase;
			buildActionMask = 2147483647;
			files = (
			);
			inputFileListPaths = (
			);
			inputPaths = (
			);
			outputFileListPaths = (
			);
			outputPaths = (
			);
			runOnlyForDeploymentPostprocessing = 0;
			shellPath = /bin/sh;
			shellScript = "# Type a script or drag a script file from your workspace to insert its path.\n${PODS_ROOT}/SwiftLint/swiftlint\n";
		};
/* End PBXShellScriptBuildPhase section */

/* Begin PBXSourcesBuildPhase section */
		C7C9CDEB2737625800DC2A09 /* Sources */ = {
			isa = PBXSourcesBuildPhase;
			buildActionMask = 2147483647;
			files = (
				C7C9CDF72737625800DC2A09 /* ViewController.swift in Sources */,
				DD70F2FD27411EFB0053374B /* Image.swift in Sources */,
				DD70F2FF27411F020053374B /* Color.swift in Sources */,
				DD70F30127411F0A0053374B /* Font.swift in Sources */,
				DD70F2FB27411EC60053374B /* Util.swift in Sources */,
				DDFAF14B27457FCB005A3097 /* BaseViewController.swift in Sources */,
				C7C9CDF32737625800DC2A09 /* AppDelegate.swift in Sources */,
				DD70F2F527411E5F0053374B /* Network.swift in Sources */,
				DDFAF14927457FA4005A3097 /* BaseNavigationController.swift in Sources */,
			);
			runOnlyForDeploymentPostprocessing = 0;
		};
/* End PBXSourcesBuildPhase section */

/* Begin PBXVariantGroup section */
		C7C9CDFD2737625F00DC2A09 /* LaunchScreen.storyboard */ = {
			isa = PBXVariantGroup;
			children = (
				C7C9CDFE2737625F00DC2A09 /* Base */,
			);
			name = LaunchScreen.storyboard;
			sourceTree = "<group>";
		};
/* End PBXVariantGroup section */

/* Begin XCBuildConfiguration section */
		C7C9CE012737625F00DC2A09 /* Debug */ = {
			isa = XCBuildConfiguration;
			buildSettings = {
				ALWAYS_SEARCH_USER_PATHS = NO;
				CLANG_ANALYZER_NONNULL = YES;
				CLANG_ANALYZER_NUMBER_OBJECT_CONVERSION = YES_AGGRESSIVE;
				CLANG_CXX_LANGUAGE_STANDARD = "gnu++14";
				CLANG_CXX_LIBRARY = "libc++";
				CLANG_ENABLE_MODULES = YES;
				CLANG_ENABLE_OBJC_ARC = YES;
				CLANG_ENABLE_OBJC_WEAK = YES;
				CLANG_WARN_BLOCK_CAPTURE_AUTORELEASING = YES;
				CLANG_WARN_BOOL_CONVERSION = YES;
				CLANG_WARN_COMMA = YES;
				CLANG_WARN_CONSTANT_CONVERSION = YES;
				CLANG_WARN_DEPRECATED_OBJC_IMPLEMENTATIONS = YES;
				CLANG_WARN_DIRECT_OBJC_ISA_USAGE = YES_ERROR;
				CLANG_WARN_DOCUMENTATION_COMMENTS = YES;
				CLANG_WARN_EMPTY_BODY = YES;
				CLANG_WARN_ENUM_CONVERSION = YES;
				CLANG_WARN_INFINITE_RECURSION = YES;
				CLANG_WARN_INT_CONVERSION = YES;
				CLANG_WARN_NON_LITERAL_NULL_CONVERSION = YES;
				CLANG_WARN_OBJC_IMPLICIT_RETAIN_SELF = YES;
				CLANG_WARN_OBJC_LITERAL_CONVERSION = YES;
				CLANG_WARN_OBJC_ROOT_CLASS = YES_ERROR;
				CLANG_WARN_QUOTED_INCLUDE_IN_FRAMEWORK_HEADER = YES;
				CLANG_WARN_RANGE_LOOP_ANALYSIS = YES;
				CLANG_WARN_STRICT_PROTOTYPES = YES;
				CLANG_WARN_SUSPICIOUS_MOVE = YES;
				CLANG_WARN_UNGUARDED_AVAILABILITY = YES_AGGRESSIVE;
				CLANG_WARN_UNREACHABLE_CODE = YES;
				CLANG_WARN__DUPLICATE_METHOD_MATCH = YES;
				COPY_PHASE_STRIP = NO;
				DEBUG_INFORMATION_FORMAT = dwarf;
				ENABLE_STRICT_OBJC_MSGSEND = YES;
				ENABLE_TESTABILITY = YES;
				GCC_C_LANGUAGE_STANDARD = gnu11;
				GCC_DYNAMIC_NO_PIC = NO;
				GCC_NO_COMMON_BLOCKS = YES;
				GCC_OPTIMIZATION_LEVEL = 0;
				GCC_PREPROCESSOR_DEFINITIONS = (
					"DEBUG=1",
					"$(inherited)",
				);
				GCC_WARN_64_TO_32_BIT_CONVERSION = YES;
				GCC_WARN_ABOUT_RETURN_TYPE = YES_ERROR;
				GCC_WARN_UNDECLARED_SELECTOR = YES;
				GCC_WARN_UNINITIALIZED_AUTOS = YES_AGGRESSIVE;
				GCC_WARN_UNUSED_FUNCTION = YES;
				GCC_WARN_UNUSED_VARIABLE = YES;
				IPHONEOS_DEPLOYMENT_TARGET = 14.1;
				MTL_ENABLE_DEBUG_INFO = INCLUDE_SOURCE;
				MTL_FAST_MATH = YES;
				ONLY_ACTIVE_ARCH = YES;
				SDKROOT = iphoneos;
				SWIFT_ACTIVE_COMPILATION_CONDITIONS = DEBUG;
				SWIFT_OPTIMIZATION_LEVEL = "-Onone";
				SWIFT_VERSION = 5.0;
			};
			name = Debug;
		};
		C7C9CE022737625F00DC2A09 /* Release */ = {
			isa = XCBuildConfiguration;
			buildSettings = {
				ALWAYS_SEARCH_USER_PATHS = NO;
				CLANG_ANALYZER_NONNULL = YES;
				CLANG_ANALYZER_NUMBER_OBJECT_CONVERSION = YES_AGGRESSIVE;
				CLANG_CXX_LANGUAGE_STANDARD = "gnu++14";
				CLANG_CXX_LIBRARY = "libc++";
				CLANG_ENABLE_MODULES = YES;
				CLANG_ENABLE_OBJC_ARC = YES;
				CLANG_ENABLE_OBJC_WEAK = YES;
				CLANG_WARN_BLOCK_CAPTURE_AUTORELEASING = YES;
				CLANG_WARN_BOOL_CONVERSION = YES;
				CLANG_WARN_COMMA = YES;
				CLANG_WARN_CONSTANT_CONVERSION = YES;
				CLANG_WARN_DEPRECATED_OBJC_IMPLEMENTATIONS = YES;
				CLANG_WARN_DIRECT_OBJC_ISA_USAGE = YES_ERROR;
				CLANG_WARN_DOCUMENTATION_COMMENTS = YES;
				CLANG_WARN_EMPTY_BODY = YES;
				CLANG_WARN_ENUM_CONVERSION = YES;
				CLANG_WARN_INFINITE_RECURSION = YES;
				CLANG_WARN_INT_CONVERSION = YES;
				CLANG_WARN_NON_LITERAL_NULL_CONVERSION = YES;
				CLANG_WARN_OBJC_IMPLICIT_RETAIN_SELF = YES;
				CLANG_WARN_OBJC_LITERAL_CONVERSION = YES;
				CLANG_WARN_OBJC_ROOT_CLASS = YES_ERROR;
				CLANG_WARN_QUOTED_INCLUDE_IN_FRAMEWORK_HEADER = YES;
				CLANG_WARN_RANGE_LOOP_ANALYSIS = YES;
				CLANG_WARN_STRICT_PROTOTYPES = YES;
				CLANG_WARN_SUSPICIOUS_MOVE = YES;
				CLANG_WARN_UNGUARDED_AVAILABILITY = YES_AGGRESSIVE;
				CLANG_WARN_UNREACHABLE_CODE = YES;
				CLANG_WARN__DUPLICATE_METHOD_MATCH = YES;
				COPY_PHASE_STRIP = NO;
				DEBUG_INFORMATION_FORMAT = "dwarf-with-dsym";
				ENABLE_NS_ASSERTIONS = NO;
				ENABLE_STRICT_OBJC_MSGSEND = YES;
				GCC_C_LANGUAGE_STANDARD = gnu11;
				GCC_NO_COMMON_BLOCKS = YES;
				GCC_WARN_64_TO_32_BIT_CONVERSION = YES;
				GCC_WARN_ABOUT_RETURN_TYPE = YES_ERROR;
				GCC_WARN_UNDECLARED_SELECTOR = YES;
				GCC_WARN_UNINITIALIZED_AUTOS = YES_AGGRESSIVE;
				GCC_WARN_UNUSED_FUNCTION = YES;
				GCC_WARN_UNUSED_VARIABLE = YES;
				IPHONEOS_DEPLOYMENT_TARGET = 14.1;
				MTL_ENABLE_DEBUG_INFO = NO;
				MTL_FAST_MATH = YES;
				SDKROOT = iphoneos;
				SWIFT_COMPILATION_MODE = wholemodule;
				SWIFT_OPTIMIZATION_LEVEL = "-O";
				SWIFT_VERSION = 5.0;
				VALIDATE_PRODUCT = YES;
			};
			name = Release;
		};
		C7C9CE042737625F00DC2A09 /* Debug */ = {
			isa = XCBuildConfiguration;
			baseConfigurationReference = 9688495685D4CE9B2C338215 /* Pods-Snowman.debug.xcconfig */;
			buildSettings = {
				ASSETCATALOG_COMPILER_APPICON_NAME = AppIcon;
				ASSETCATALOG_COMPILER_GLOBAL_ACCENT_COLOR_NAME = AccentColor;
				CODE_SIGN_STYLE = Automatic;
				DEVELOPMENT_TEAM = 2N3PMJ78CA;
				INFOPLIST_FILE = Snowman/Support/Config/Info.plist;
				LD_RUNPATH_SEARCH_PATHS = (
					"$(inherited)",
					"@executable_path/Frameworks",
				);
				PRODUCT_BUNDLE_IDENTIFIER = com.yourssu.Snowman;
				PRODUCT_NAME = "$(TARGET_NAME)";
				SWIFT_VERSION = 5.0;
				TARGETED_DEVICE_FAMILY = "1,2";
			};
			name = Debug;
		};
		C7C9CE052737625F00DC2A09 /* Release */ = {
			isa = XCBuildConfiguration;
			baseConfigurationReference = 788ACA07E071AF9CA17DB541 /* Pods-Snowman.release.xcconfig */;
			buildSettings = {
				ASSETCATALOG_COMPILER_APPICON_NAME = AppIcon;
				ASSETCATALOG_COMPILER_GLOBAL_ACCENT_COLOR_NAME = AccentColor;
				CODE_SIGN_STYLE = Automatic;
				DEVELOPMENT_TEAM = 2N3PMJ78CA;
				INFOPLIST_FILE = Snowman/Support/Config/Info.plist;
				LD_RUNPATH_SEARCH_PATHS = (
					"$(inherited)",
					"@executable_path/Frameworks",
				);
				PRODUCT_BUNDLE_IDENTIFIER = com.yourssu.Snowman;
				PRODUCT_NAME = "$(TARGET_NAME)";
				SWIFT_VERSION = 5.0;
				TARGETED_DEVICE_FAMILY = "1,2";
			};
			name = Release;
		};
/* End XCBuildConfiguration section */

/* Begin XCConfigurationList section */
		C7C9CDEA2737625800DC2A09 /* Build configuration list for PBXProject "Snowman" */ = {
			isa = XCConfigurationList;
			buildConfigurations = (
				C7C9CE012737625F00DC2A09 /* Debug */,
				C7C9CE022737625F00DC2A09 /* Release */,
			);
			defaultConfigurationIsVisible = 0;
			defaultConfigurationName = Release;
		};
		C7C9CE032737625F00DC2A09 /* Build configuration list for PBXNativeTarget "Snowman" */ = {
			isa = XCConfigurationList;
			buildConfigurations = (
				C7C9CE042737625F00DC2A09 /* Debug */,
				C7C9CE052737625F00DC2A09 /* Release */,
			);
			defaultConfigurationIsVisible = 0;
			defaultConfigurationName = Release;
		};
/* End XCConfigurationList section */

/* Begin XCRemoteSwiftPackageReference section */
		DD70F3022741202D0053374B /* XCRemoteSwiftPackageReference "SnapKit" */ = {
			isa = XCRemoteSwiftPackageReference;
			repositoryURL = "https://github.com/SnapKit/SnapKit";
			requirement = {
				kind = upToNextMajorVersion;
				minimumVersion = 5.0.1;
			};
		};
		DD70F30B2741209F0053374B /* XCRemoteSwiftPackageReference "Then" */ = {
			isa = XCRemoteSwiftPackageReference;
			repositoryURL = "https://github.com/devxoul/Then";
			requirement = {
				kind = upToNextMajorVersion;
				minimumVersion = 2.7.0;
			};
		};
		DD70F30E274120C10053374B /* XCRemoteSwiftPackageReference "Kingfisher" */ = {
			isa = XCRemoteSwiftPackageReference;
			repositoryURL = "https://github.com/onevcat/Kingfisher";
			requirement = {
				kind = upToNextMajorVersion;
				minimumVersion = 7.1.1;
			};
		};
		DD70F311274121030053374B /* XCRemoteSwiftPackageReference "CalendarView" */ = {
			isa = XCRemoteSwiftPackageReference;
			repositoryURL = "https://github.com/mmick66/CalendarView";
			requirement = {
				kind = upToNextMajorVersion;
				minimumVersion = 1.8.9;
			};
		};
		DD70F314274121570053374B /* XCRemoteSwiftPackageReference "PanModal" */ = {
			isa = XCRemoteSwiftPackageReference;
			repositoryURL = "https://github.com/slackhq/PanModal";
			requirement = {
				kind = upToNextMajorVersion;
				minimumVersion = 1.2.7;
			};
		};
		DD70F31B2741254B0053374B /* XCRemoteSwiftPackageReference "Moya" */ = {
			isa = XCRemoteSwiftPackageReference;
			repositoryURL = "https://github.com/Moya/Moya";
			requirement = {
				kind = upToNextMajorVersion;
				minimumVersion = 15.0.0;
			};
		};
/* End XCRemoteSwiftPackageReference section */

/* Begin XCSwiftPackageProductDependency section */
		DD70F3032741202D0053374B /* SnapKit */ = {
			isa = XCSwiftPackageProductDependency;
			package = DD70F3022741202D0053374B /* XCRemoteSwiftPackageReference "SnapKit" */;
			productName = SnapKit;
		};
		DD70F30C2741209F0053374B /* Then */ = {
			isa = XCSwiftPackageProductDependency;
			package = DD70F30B2741209F0053374B /* XCRemoteSwiftPackageReference "Then" */;
			productName = Then;
		};
		DD70F30F274120C10053374B /* Kingfisher */ = {
			isa = XCSwiftPackageProductDependency;
			package = DD70F30E274120C10053374B /* XCRemoteSwiftPackageReference "Kingfisher" */;
			productName = Kingfisher;
		};
		DD70F312274121030053374B /* KDCalendar */ = {
			isa = XCSwiftPackageProductDependency;
			package = DD70F311274121030053374B /* XCRemoteSwiftPackageReference "CalendarView" */;
			productName = KDCalendar;
		};
		DD70F315274121570053374B /* PanModal */ = {
			isa = XCSwiftPackageProductDependency;
			package = DD70F314274121570053374B /* XCRemoteSwiftPackageReference "PanModal" */;
			productName = PanModal;
		};
		DD70F31C2741254B0053374B /* Moya */ = {
			isa = XCSwiftPackageProductDependency;
			package = DD70F31B2741254B0053374B /* XCRemoteSwiftPackageReference "Moya" */;
			productName = Moya;
		};
/* End XCSwiftPackageProductDependency section */
	};
	rootObject = C7C9CDE72737625800DC2A09 /* Project object */;
}
