// !$*UTF8*$!
{
	archiveVersion = 1;
	classes = {
	};
	objectVersion = 52;
	objects = {

/* Begin PBXBuildFile section */
		641F87721BD4E2A9612BD226 /* Pods_Snowman.framework in Frameworks */ = {isa = PBXBuildFile; fileRef = 7CA2FF155FE64827A2BCD39F /* Pods_Snowman.framework */; };
		C714B23F275268CB0062AACB /* PostTodoResponse.swift in Sources */ = {isa = PBXBuildFile; fileRef = C714B23E275268CA0062AACB /* PostTodoResponse.swift */; };
		C714B27D2752CAD90062AACB /* TodoView.swift in Sources */ = {isa = PBXBuildFile; fileRef = C714B27C2752CAD90062AACB /* TodoView.swift */; };
		C714B2802752CD370062AACB /* HomeTodoCell.swift in Sources */ = {isa = PBXBuildFile; fileRef = C714B27F2752CD370062AACB /* HomeTodoCell.swift */; };
		C714B2852753543E0062AACB /* NoNetworkViewController.swift in Sources */ = {isa = PBXBuildFile; fileRef = C714B2842753543E0062AACB /* NoNetworkViewController.swift */; };
		C714B288275356F80062AACB /* InternetConnectivity.swift in Sources */ = {isa = PBXBuildFile; fileRef = C714B287275356F80062AACB /* InternetConnectivity.swift */; };
		C714B28D2753AF2E0062AACB /* GetGoalsByDateResponse.swift in Sources */ = {isa = PBXBuildFile; fileRef = C714B28C2753AF2E0062AACB /* GetGoalsByDateResponse.swift */; };
		C714B2942753D74C0062AACB /* GetDailyGoalsResponse.swift in Sources */ = {isa = PBXBuildFile; fileRef = C714B2932753D74C0062AACB /* GetDailyGoalsResponse.swift */; };
		C75A5916274687AE0001CDD1 /* CalendarViewController.swift in Sources */ = {isa = PBXBuildFile; fileRef = C75A5915274687AE0001CDD1 /* CalendarViewController.swift */; };
		C768D11A2749955B000E0677 /* TodoModel.swift in Sources */ = {isa = PBXBuildFile; fileRef = C768D1192749955B000E0677 /* TodoModel.swift */; };
		C768D12627499E04000E0677 /* EventsManager.swift in Sources */ = {isa = PBXBuildFile; fileRef = C768D11D27499E02000E0677 /* EventsManager.swift */; };
		C768D12727499E04000E0677 /* CalendarHeaderView.swift in Sources */ = {isa = PBXBuildFile; fileRef = C768D11E27499E02000E0677 /* CalendarHeaderView.swift */; };
		C768D12827499E04000E0677 /* CalendarView+DataSource.swift in Sources */ = {isa = PBXBuildFile; fileRef = C768D11F27499E03000E0677 /* CalendarView+DataSource.swift */; };
		C768D12927499E04000E0677 /* CalendarView.swift in Sources */ = {isa = PBXBuildFile; fileRef = C768D12027499E03000E0677 /* CalendarView.swift */; };
		C768D12A27499E04000E0677 /* CalendarView+Extensions.swift in Sources */ = {isa = PBXBuildFile; fileRef = C768D12127499E03000E0677 /* CalendarView+Extensions.swift */; };
		C768D12B27499E04000E0677 /* CalendarView+Style.swift in Sources */ = {isa = PBXBuildFile; fileRef = C768D12227499E03000E0677 /* CalendarView+Style.swift */; };
		C768D12C27499E04000E0677 /* CalendarFlowLayout.swift in Sources */ = {isa = PBXBuildFile; fileRef = C768D12327499E03000E0677 /* CalendarFlowLayout.swift */; };
		C768D12D27499E04000E0677 /* CalendarDayCell.swift in Sources */ = {isa = PBXBuildFile; fileRef = C768D12427499E04000E0677 /* CalendarDayCell.swift */; };
		C768D12E27499E04000E0677 /* CalendarView+Delegate.swift in Sources */ = {isa = PBXBuildFile; fileRef = C768D12527499E04000E0677 /* CalendarView+Delegate.swift */; };
		C768D131274A032E000E0677 /* ContentSizedTableView.swift in Sources */ = {isa = PBXBuildFile; fileRef = C768D130274A032E000E0677 /* ContentSizedTableView.swift */; };
		C768D13A274A20FA000E0677 /* Poppins-Black.ttf in Resources */ = {isa = PBXBuildFile; fileRef = C768D139274A20FA000E0677 /* Poppins-Black.ttf */; };
		C7B7C04527550053005AD305 /* GetGoalsForCalendarResponse.swift in Sources */ = {isa = PBXBuildFile; fileRef = C7B7C04427550053005AD305 /* GetGoalsForCalendarResponse.swift */; };
		C7C9CDF32737625800DC2A09 /* AppDelegate.swift in Sources */ = {isa = PBXBuildFile; fileRef = C7C9CDF22737625800DC2A09 /* AppDelegate.swift */; };
		C7C9CDF72737625800DC2A09 /* ViewController.swift in Sources */ = {isa = PBXBuildFile; fileRef = C7C9CDF62737625800DC2A09 /* ViewController.swift */; };
		C7C9CDFC2737625F00DC2A09 /* Assets.xcassets in Resources */ = {isa = PBXBuildFile; fileRef = C7C9CDFB2737625F00DC2A09 /* Assets.xcassets */; };
		C7C9CDFF2737625F00DC2A09 /* LaunchScreen.storyboard in Resources */ = {isa = PBXBuildFile; fileRef = C7C9CDFD2737625F00DC2A09 /* LaunchScreen.storyboard */; };
		C7D38D722748D5440049F3AA /* DateFormatters.swift in Sources */ = {isa = PBXBuildFile; fileRef = C7D38D712748D5440049F3AA /* DateFormatters.swift */; };
		C7D38D782748D8090049F3AA /* Date+.swift in Sources */ = {isa = PBXBuildFile; fileRef = C7D38D772748D8090049F3AA /* Date+.swift */; };
		C7D92FBF274D1D4400DAA184 /* HistoryTodo.swift in Sources */ = {isa = PBXBuildFile; fileRef = C7D92FBE274D1D4400DAA184 /* HistoryTodo.swift */; };
		C7D92FC2274D402E00DAA184 /* String+.swift in Sources */ = {isa = PBXBuildFile; fileRef = C7D92FC1274D402E00DAA184 /* String+.swift */; };
		C7D92FC5274D442F00DAA184 /* Sequence+.swift in Sources */ = {isa = PBXBuildFile; fileRef = C7D92FC4274D442F00DAA184 /* Sequence+.swift */; };
		C7D92FD8274E874700DAA184 /* TodoAPI.swift in Sources */ = {isa = PBXBuildFile; fileRef = C7D92FD7274E874700DAA184 /* TodoAPI.swift */; };
		C7D92FDF274E89C400DAA184 /* TodoService.swift in Sources */ = {isa = PBXBuildFile; fileRef = C7D92FDE274E89C400DAA184 /* TodoService.swift */; };
		C7D92FE2274E8AA200DAA184 /* PutTodoResponse.swift in Sources */ = {isa = PBXBuildFile; fileRef = C7D92FE1274E8AA200DAA184 /* PutTodoResponse.swift */; };
		C7DE7FC7274A5B6B00C8DFB4 /* HistoryViewController.swift in Sources */ = {isa = PBXBuildFile; fileRef = C7DE7FC6274A5B6B00C8DFB4 /* HistoryViewController.swift */; };
		C7DE7FCB274A6CEC00C8DFB4 /* HistoryCell.swift in Sources */ = {isa = PBXBuildFile; fileRef = C7DE7FCA274A6CEC00C8DFB4 /* HistoryCell.swift */; };
		C7DE7FD2274A830300C8DFB4 /* SignInViewController.swift in Sources */ = {isa = PBXBuildFile; fileRef = C7DE7FD1274A830300C8DFB4 /* SignInViewController.swift */; };
		C7DE7FD6274A830A00C8DFB4 /* SignUpNameIdViewController.swift in Sources */ = {isa = PBXBuildFile; fileRef = C7DE7FD5274A830A00C8DFB4 /* SignUpNameIdViewController.swift */; };
		C7DE7FDA274A882300C8DFB4 /* StartSignInViewController.swift in Sources */ = {isa = PBXBuildFile; fileRef = C7DE7FD9274A882300C8DFB4 /* StartSignInViewController.swift */; };
		C7DE7FDF274A90B400C8DFB4 /* UITextField+.swift in Sources */ = {isa = PBXBuildFile; fileRef = C7DE7FDE274A90B400C8DFB4 /* UITextField+.swift */; };
		C7DE7FE4274A929A00C8DFB4 /* SignUpPasswordViewController.swift in Sources */ = {isa = PBXBuildFile; fileRef = C7DE7FE3274A929A00C8DFB4 /* SignUpPasswordViewController.swift */; };
		C7EDAD23274563EA008C699C /* SpoqaHanSansNeo-bold.otf in Resources */ = {isa = PBXBuildFile; fileRef = C7EDAD20274563E8008C699C /* SpoqaHanSansNeo-bold.otf */; };
		C7EDAD24274563EA008C699C /* SpoqaHanSansNeo-medium.otf in Resources */ = {isa = PBXBuildFile; fileRef = C7EDAD21274563E9008C699C /* SpoqaHanSansNeo-medium.otf */; };
		C7EDAD25274563EA008C699C /* SpoqaHanSansNeo-regular.otf in Resources */ = {isa = PBXBuildFile; fileRef = C7EDAD22274563EA008C699C /* SpoqaHanSansNeo-regular.otf */; };
		C7F4B8E427497EB0002DD317 /* CalendarTodoCell.swift in Sources */ = {isa = PBXBuildFile; fileRef = C7F4B8E327497EB0002DD317 /* CalendarTodoCell.swift */; };
		C7F65E2E274BC50200D57086 /* AuthAPI.swift in Sources */ = {isa = PBXBuildFile; fileRef = C7F65E2D274BC50200D57086 /* AuthAPI.swift */; };
		C7F65E31274BC50900D57086 /* AuthService.swift in Sources */ = {isa = PBXBuildFile; fileRef = C7F65E30274BC50900D57086 /* AuthService.swift */; };
		C7F65E34274BCB5400D57086 /* AuthResponse.swift in Sources */ = {isa = PBXBuildFile; fileRef = C7F65E33274BCB5400D57086 /* AuthResponse.swift */; };
		C7F65E37274BD03600D57086 /* RootViewControllerChanger.swift in Sources */ = {isa = PBXBuildFile; fileRef = C7F65E36274BD03600D57086 /* RootViewControllerChanger.swift */; };
		DD02A9762748B7E800D9B324 /* UserDefaultKey.swift in Sources */ = {isa = PBXBuildFile; fileRef = DD02A9752748B7E800D9B324 /* UserDefaultKey.swift */; };
		DD02A97A2748C09A00D9B324 /* Snowe.swift in Sources */ = {isa = PBXBuildFile; fileRef = DD02A9792748C09A00D9B324 /* Snowe.swift */; };
		DD02A97C2748CAE900D9B324 /* GoalRequest.swift in Sources */ = {isa = PBXBuildFile; fileRef = DD02A97B2748CAE900D9B324 /* GoalRequest.swift */; };
		DD02A97F2749482900D9B324 /* NewGoal.swift in Sources */ = {isa = PBXBuildFile; fileRef = DD02A97E2749482900D9B324 /* NewGoal.swift */; };
		DD02A98127495CF000D9B324 /* AwardsResponse.swift in Sources */ = {isa = PBXBuildFile; fileRef = DD02A98027495CF000D9B324 /* AwardsResponse.swift */; };
		DD02A98327495D9E00D9B324 /* AwardAPI.swift in Sources */ = {isa = PBXBuildFile; fileRef = DD02A98227495D9E00D9B324 /* AwardAPI.swift */; };
		DD02A98527495F5700D9B324 /* AwardService.swift in Sources */ = {isa = PBXBuildFile; fileRef = DD02A98427495F5700D9B324 /* AwardService.swift */; };
		DD02A98727496ABF00D9B324 /* LevelStickerView.swift in Sources */ = {isa = PBXBuildFile; fileRef = DD02A98627496ABF00D9B324 /* LevelStickerView.swift */; };
		DD02A98B2749762300D9B324 /* HomeViewController.swift in Sources */ = {isa = PBXBuildFile; fileRef = DD02A98A2749762300D9B324 /* HomeViewController.swift */; };
		DD02A98E2749766500D9B324 /* SnoweCollectionViewCell.swift in Sources */ = {isa = PBXBuildFile; fileRef = DD02A98D2749766500D9B324 /* SnoweCollectionViewCell.swift */; };
		DD02A990274976A700D9B324 /* ZoomAndSnapFlowLayout.swift in Sources */ = {isa = PBXBuildFile; fileRef = DD02A98F274976A700D9B324 /* ZoomAndSnapFlowLayout.swift */; };
		DD18EDF4274B93F700F4BCC1 /* NotificationResponse.swift in Sources */ = {isa = PBXBuildFile; fileRef = DD18EDF3274B93F700F4BCC1 /* NotificationResponse.swift */; };
		DD5DDFDB2751FAEF007E29DD /* ViewTitle.swift in Sources */ = {isa = PBXBuildFile; fileRef = DD5DDFDA2751FAEF007E29DD /* ViewTitle.swift */; };
		DD70F2FD27411EFB0053374B /* Image.swift in Sources */ = {isa = PBXBuildFile; fileRef = DD70F2FC27411EFB0053374B /* Image.swift */; };
		DD70F2FF27411F020053374B /* Color.swift in Sources */ = {isa = PBXBuildFile; fileRef = DD70F2FE27411F020053374B /* Color.swift */; };
		DD70F30127411F0A0053374B /* Font.swift in Sources */ = {isa = PBXBuildFile; fileRef = DD70F30027411F0A0053374B /* Font.swift */; };
		DD70F3042741202D0053374B /* SnapKit in Frameworks */ = {isa = PBXBuildFile; productRef = DD70F3032741202D0053374B /* SnapKit */; };
		DD70F30D2741209F0053374B /* Then in Frameworks */ = {isa = PBXBuildFile; productRef = DD70F30C2741209F0053374B /* Then */; };
		DD70F310274120C10053374B /* Kingfisher in Frameworks */ = {isa = PBXBuildFile; productRef = DD70F30F274120C10053374B /* Kingfisher */; };
		DD70F316274121570053374B /* PanModal in Frameworks */ = {isa = PBXBuildFile; productRef = DD70F315274121570053374B /* PanModal */; };
		DD70F31D2741254B0053374B /* Moya in Frameworks */ = {isa = PBXBuildFile; productRef = DD70F31C2741254B0053374B /* Moya */; };
		DD7D17DE274EA16C00462331 /* MakerInfoViewController.swift in Sources */ = {isa = PBXBuildFile; fileRef = DD7D17DD274EA16C00462331 /* MakerInfoViewController.swift */; };
		DD7D17E0274EA6F600462331 /* MakerInfoHeaderView.swift in Sources */ = {isa = PBXBuildFile; fileRef = DD7D17DF274EA6F600462331 /* MakerInfoHeaderView.swift */; };
		DD7D17E2274EAFF700462331 /* DeleteCharacterViewController.swift in Sources */ = {isa = PBXBuildFile; fileRef = DD7D17E1274EAFF700462331 /* DeleteCharacterViewController.swift */; };
		DD7D17E5274EBC0400462331 /* PopUpViewController.swift in Sources */ = {isa = PBXBuildFile; fileRef = DD7D17E4274EBC0400462331 /* PopUpViewController.swift */; };
		DD86CBE62748210100F6EC8D /* BaseTargetType.swift in Sources */ = {isa = PBXBuildFile; fileRef = DD86CBE52748210100F6EC8D /* BaseTargetType.swift */; };
		DD86CBE82748216D00F6EC8D /* GoalAPI.swift in Sources */ = {isa = PBXBuildFile; fileRef = DD86CBE72748216D00F6EC8D /* GoalAPI.swift */; };
		DD86CBEA2748232600F6EC8D /* URLConst.swift in Sources */ = {isa = PBXBuildFile; fileRef = DD86CBE92748232600F6EC8D /* URLConst.swift */; };
		DD86CBEC274824EA00F6EC8D /* GoalService.swift in Sources */ = {isa = PBXBuildFile; fileRef = DD86CBEB274824EA00F6EC8D /* GoalService.swift */; };
		DD86CBEF2748257B00F6EC8D /* ErrorResponse.swift in Sources */ = {isa = PBXBuildFile; fileRef = DD86CBEE2748257B00F6EC8D /* ErrorResponse.swift */; };
		DD86CBF12748265200F6EC8D /* NetworkResult.swift in Sources */ = {isa = PBXBuildFile; fileRef = DD86CBF02748265200F6EC8D /* NetworkResult.swift */; };
		DD86CBF3274826FA00F6EC8D /* GoalResponse.swift in Sources */ = {isa = PBXBuildFile; fileRef = DD86CBF2274826FA00F6EC8D /* GoalResponse.swift */; };
		DD86CBF52748278E00F6EC8D /* TodoResponse.swift in Sources */ = {isa = PBXBuildFile; fileRef = DD86CBF42748278E00F6EC8D /* TodoResponse.swift */; };
		DD86CBF72748284D00F6EC8D /* NetworkService.swift in Sources */ = {isa = PBXBuildFile; fileRef = DD86CBF62748284D00F6EC8D /* NetworkService.swift */; };
		DD892245274AC72E00316FE0 /* UserResponse.swift in Sources */ = {isa = PBXBuildFile; fileRef = DD892244274AC72E00316FE0 /* UserResponse.swift */; };
		DD894D2D27473833004AF5A6 /* GoalQuestionViewController.swift in Sources */ = {isa = PBXBuildFile; fileRef = DD894D2C27473833004AF5A6 /* GoalQuestionViewController.swift */; };
		DD894D2F2747384A004AF5A6 /* NameQuestionViewController.swift in Sources */ = {isa = PBXBuildFile; fileRef = DD894D2E2747384A004AF5A6 /* NameQuestionViewController.swift */; };
		DD894D3127473DEF004AF5A6 /* CharacterChoiceViewController.swift in Sources */ = {isa = PBXBuildFile; fileRef = DD894D3027473DEF004AF5A6 /* CharacterChoiceViewController.swift */; };
		DD894D3527473FF7004AF5A6 /* CharacterCollectionViewCell.swift in Sources */ = {isa = PBXBuildFile; fileRef = DD894D3427473FF7004AF5A6 /* CharacterCollectionViewCell.swift */; };
		DD894D3727474F98004AF5A6 /* GoalCreationViewController.swift in Sources */ = {isa = PBXBuildFile; fileRef = DD894D3627474F98004AF5A6 /* GoalCreationViewController.swift */; };
		DD8D19702754B21C00483D32 /* LevelUpViewController.swift in Sources */ = {isa = PBXBuildFile; fileRef = DD8D196F2754B21C00483D32 /* LevelUpViewController.swift */; };
		DDA1F5662753A67300D9C2FB /* StampViewController.swift in Sources */ = {isa = PBXBuildFile; fileRef = DDA1F5652753A67300D9C2FB /* StampViewController.swift */; };
		DDA1F5682753A6EC00D9C2FB /* StampCollectionViewCell.swift in Sources */ = {isa = PBXBuildFile; fileRef = DDA1F5672753A6EC00D9C2FB /* StampCollectionViewCell.swift */; };
		DDA1F56A2753A7F800D9C2FB /* StampModalViewController.swift in Sources */ = {isa = PBXBuildFile; fileRef = DDA1F5692753A7F800D9C2FB /* StampModalViewController.swift */; };
		DDA1F56C2753A84300D9C2FB /* ModalPresentationController.swift in Sources */ = {isa = PBXBuildFile; fileRef = DDA1F56B2753A84300D9C2FB /* ModalPresentationController.swift */; };
		DDA1F56E2753A8F400D9C2FB /* StampResponse.swift in Sources */ = {isa = PBXBuildFile; fileRef = DDA1F56D2753A8F400D9C2FB /* StampResponse.swift */; };
		DDBAFAEA274E578A0089CCD9 /* MyPageViewController.swift in Sources */ = {isa = PBXBuildFile; fileRef = DDBAFAE9274E578A0089CCD9 /* MyPageViewController.swift */; };
		DDBAFAEE274E5A420089CCD9 /* MyPageContentTableViewCell.swift in Sources */ = {isa = PBXBuildFile; fileRef = DDBAFAED274E5A420089CCD9 /* MyPageContentTableViewCell.swift */; };
		DDBAFAF1274E5C7E0089CCD9 /* MyPageHeaderView.swift in Sources */ = {isa = PBXBuildFile; fileRef = DDBAFAF0274E5C7E0089CCD9 /* MyPageHeaderView.swift */; };
		DDBAFAF3274E8F0E0089CCD9 /* RankUserInfoResponse.swift in Sources */ = {isa = PBXBuildFile; fileRef = DDBAFAF2274E8F0E0089CCD9 /* RankUserInfoResponse.swift */; };
		DDBF0A69274CC7AD00DA429D /* RankViewController.swift in Sources */ = {isa = PBXBuildFile; fileRef = DDBF0A68274CC7AD00DA429D /* RankViewController.swift */; };
		DDBF0A6B274CC7D600DA429D /* RankCollectionViewCell.swift in Sources */ = {isa = PBXBuildFile; fileRef = DDBF0A6A274CC7D600DA429D /* RankCollectionViewCell.swift */; };
		DDBF0A6D274CE88F00DA429D /* GenericPageArrayResponse.swift in Sources */ = {isa = PBXBuildFile; fileRef = DDBF0A6C274CE88F00DA429D /* GenericPageArrayResponse.swift */; };
		DDD50EED274681E100EA508F /* QuestionBaseViewController.swift in Sources */ = {isa = PBXBuildFile; fileRef = DDD50EEC274681E100EA508F /* QuestionBaseViewController.swift */; };
		DDD7489C274776C30056C505 /* AwardViewController.swift in Sources */ = {isa = PBXBuildFile; fileRef = DDD7489B274776C30056C505 /* AwardViewController.swift */; };
		DDD7489F27477B980056C505 /* AwardTableViewCell.swift in Sources */ = {isa = PBXBuildFile; fileRef = DDD7489E27477B980056C505 /* AwardTableViewCell.swift */; };
		DDD748A127477D430056C505 /* TopTabBarViewController.swift in Sources */ = {isa = PBXBuildFile; fileRef = DDD748A027477D430056C505 /* TopTabBarViewController.swift */; };
		DDD748A327477DA30056C505 /* MenuItemCollectionViewCell.swift in Sources */ = {isa = PBXBuildFile; fileRef = DDD748A227477DA30056C505 /* MenuItemCollectionViewCell.swift */; };
		DDD748A52747B1D80056C505 /* UIImage+.swift in Sources */ = {isa = PBXBuildFile; fileRef = DDD748A42747B1D80056C505 /* UIImage+.swift */; };
		DDE00F0C274B8F7300BD2C20 /* NotificationViewController.swift in Sources */ = {isa = PBXBuildFile; fileRef = DDE00F0B274B8F7300BD2C20 /* NotificationViewController.swift */; };
		DDE00F10274B902300BD2C20 /* NotificationTableViewCell.swift in Sources */ = {isa = PBXBuildFile; fileRef = DDE00F0F274B902300BD2C20 /* NotificationTableViewCell.swift */; };
		DDF283C0274BF5B800C426D7 /* GoogleService-Info.plist in Resources */ = {isa = PBXBuildFile; fileRef = DDF283BF274BF5B800C426D7 /* GoogleService-Info.plist */; };
		DDF283C1274BF88000C426D7 /* PushKit.framework in Frameworks */ = {isa = PBXBuildFile; fileRef = DDE00F08274B8B8900BD2C20 /* PushKit.framework */; };
		DDF283C5274C04E800C426D7 /* UserAPI.swift in Sources */ = {isa = PBXBuildFile; fileRef = DDF283C4274C04E800C426D7 /* UserAPI.swift */; };
		DDF283C7274C064A00C426D7 /* UserService.swift in Sources */ = {isa = PBXBuildFile; fileRef = DDF283C6274C064A00C426D7 /* UserService.swift */; };
		DDF283C9274C0FE100C426D7 /* Notification.Name+.swift in Sources */ = {isa = PBXBuildFile; fileRef = DDF283C8274C0FE100C426D7 /* Notification.Name+.swift */; };
		DDF283CE274C346600C426D7 /* HomeNavigationViewController.swift in Sources */ = {isa = PBXBuildFile; fileRef = DDF283CD274C346600C426D7 /* HomeNavigationViewController.swift */; };
		DDF283D0274C3BCF00C426D7 /* AlarmsResponse.swift in Sources */ = {isa = PBXBuildFile; fileRef = DDF283CF274C3BCF00C426D7 /* AlarmsResponse.swift */; };
		DDFAF14927457FA4005A3097 /* BaseNavigationController.swift in Sources */ = {isa = PBXBuildFile; fileRef = DDFAF14827457FA4005A3097 /* BaseNavigationController.swift */; };
		DDFAF14B27457FCB005A3097 /* BaseViewController.swift in Sources */ = {isa = PBXBuildFile; fileRef = DDFAF14A27457FCB005A3097 /* BaseViewController.swift */; };
		DDFAF14E274583AA005A3097 /* Reusable.swift in Sources */ = {isa = PBXBuildFile; fileRef = DDFAF14D274583AA005A3097 /* Reusable.swift */; };
		DDFAF150274583F0005A3097 /* UITableVIew+Reusable.swift in Sources */ = {isa = PBXBuildFile; fileRef = DDFAF14F274583F0005A3097 /* UITableVIew+Reusable.swift */; };
		DDFAF15227458416005A3097 /* UICollectionView+Reusable.swift in Sources */ = {isa = PBXBuildFile; fileRef = DDFAF15127458416005A3097 /* UICollectionView+Reusable.swift */; };
		DDFAF15427458441005A3097 /* UIView+.swift in Sources */ = {isa = PBXBuildFile; fileRef = DDFAF15327458441005A3097 /* UIView+.swift */; };
		DDFAF15627458457005A3097 /* UIButton+.swift in Sources */ = {isa = PBXBuildFile; fileRef = DDFAF15527458457005A3097 /* UIButton+.swift */; };
		DDFAF15827458488005A3097 /* UIStackView+.swift in Sources */ = {isa = PBXBuildFile; fileRef = DDFAF15727458488005A3097 /* UIStackView+.swift */; };
		DDFAF15B27458556005A3097 /* MoyaLoggingPlugin.swift in Sources */ = {isa = PBXBuildFile; fileRef = DDFAF15A27458556005A3097 /* MoyaLoggingPlugin.swift */; };
/* End PBXBuildFile section */

/* Begin PBXFileReference section */
		788ACA07E071AF9CA17DB541 /* Pods-Snowman.release.xcconfig */ = {isa = PBXFileReference; includeInIndex = 1; lastKnownFileType = text.xcconfig; name = "Pods-Snowman.release.xcconfig"; path = "Target Support Files/Pods-Snowman/Pods-Snowman.release.xcconfig"; sourceTree = "<group>"; };
		7CA2FF155FE64827A2BCD39F /* Pods_Snowman.framework */ = {isa = PBXFileReference; explicitFileType = wrapper.framework; includeInIndex = 0; path = Pods_Snowman.framework; sourceTree = BUILT_PRODUCTS_DIR; };
		9688495685D4CE9B2C338215 /* Pods-Snowman.debug.xcconfig */ = {isa = PBXFileReference; includeInIndex = 1; lastKnownFileType = text.xcconfig; name = "Pods-Snowman.debug.xcconfig"; path = "Target Support Files/Pods-Snowman/Pods-Snowman.debug.xcconfig"; sourceTree = "<group>"; };
		C714B23E275268CA0062AACB /* PostTodoResponse.swift */ = {isa = PBXFileReference; lastKnownFileType = sourcecode.swift; path = PostTodoResponse.swift; sourceTree = "<group>"; };
		C714B27C2752CAD90062AACB /* TodoView.swift */ = {isa = PBXFileReference; lastKnownFileType = sourcecode.swift; path = TodoView.swift; sourceTree = "<group>"; };
		C714B27F2752CD370062AACB /* HomeTodoCell.swift */ = {isa = PBXFileReference; lastKnownFileType = sourcecode.swift; path = HomeTodoCell.swift; sourceTree = "<group>"; };
		C714B2842753543E0062AACB /* NoNetworkViewController.swift */ = {isa = PBXFileReference; lastKnownFileType = sourcecode.swift; path = NoNetworkViewController.swift; sourceTree = "<group>"; };
		C714B287275356F80062AACB /* InternetConnectivity.swift */ = {isa = PBXFileReference; lastKnownFileType = sourcecode.swift; path = InternetConnectivity.swift; sourceTree = "<group>"; };
		C714B28C2753AF2E0062AACB /* GetGoalsByDateResponse.swift */ = {isa = PBXFileReference; lastKnownFileType = sourcecode.swift; path = GetGoalsByDateResponse.swift; sourceTree = "<group>"; };
		C714B2932753D74C0062AACB /* GetDailyGoalsResponse.swift */ = {isa = PBXFileReference; lastKnownFileType = sourcecode.swift; path = GetDailyGoalsResponse.swift; sourceTree = "<group>"; };
		C75A5915274687AE0001CDD1 /* CalendarViewController.swift */ = {isa = PBXFileReference; lastKnownFileType = sourcecode.swift; path = CalendarViewController.swift; sourceTree = "<group>"; };
		C768D1192749955B000E0677 /* TodoModel.swift */ = {isa = PBXFileReference; lastKnownFileType = sourcecode.swift; path = TodoModel.swift; sourceTree = "<group>"; };
		C768D11D27499E02000E0677 /* EventsManager.swift */ = {isa = PBXFileReference; fileEncoding = 4; lastKnownFileType = sourcecode.swift; path = EventsManager.swift; sourceTree = "<group>"; };
		C768D11E27499E02000E0677 /* CalendarHeaderView.swift */ = {isa = PBXFileReference; fileEncoding = 4; lastKnownFileType = sourcecode.swift; path = CalendarHeaderView.swift; sourceTree = "<group>"; };
		C768D11F27499E03000E0677 /* CalendarView+DataSource.swift */ = {isa = PBXFileReference; fileEncoding = 4; lastKnownFileType = sourcecode.swift; path = "CalendarView+DataSource.swift"; sourceTree = "<group>"; };
		C768D12027499E03000E0677 /* CalendarView.swift */ = {isa = PBXFileReference; fileEncoding = 4; lastKnownFileType = sourcecode.swift; path = CalendarView.swift; sourceTree = "<group>"; };
		C768D12127499E03000E0677 /* CalendarView+Extensions.swift */ = {isa = PBXFileReference; fileEncoding = 4; lastKnownFileType = sourcecode.swift; path = "CalendarView+Extensions.swift"; sourceTree = "<group>"; };
		C768D12227499E03000E0677 /* CalendarView+Style.swift */ = {isa = PBXFileReference; fileEncoding = 4; lastKnownFileType = sourcecode.swift; path = "CalendarView+Style.swift"; sourceTree = "<group>"; };
		C768D12327499E03000E0677 /* CalendarFlowLayout.swift */ = {isa = PBXFileReference; fileEncoding = 4; lastKnownFileType = sourcecode.swift; path = CalendarFlowLayout.swift; sourceTree = "<group>"; };
		C768D12427499E04000E0677 /* CalendarDayCell.swift */ = {isa = PBXFileReference; fileEncoding = 4; lastKnownFileType = sourcecode.swift; path = CalendarDayCell.swift; sourceTree = "<group>"; };
		C768D12527499E04000E0677 /* CalendarView+Delegate.swift */ = {isa = PBXFileReference; fileEncoding = 4; lastKnownFileType = sourcecode.swift; path = "CalendarView+Delegate.swift"; sourceTree = "<group>"; };
		C768D130274A032E000E0677 /* ContentSizedTableView.swift */ = {isa = PBXFileReference; lastKnownFileType = sourcecode.swift; path = ContentSizedTableView.swift; sourceTree = "<group>"; };
		C768D139274A20FA000E0677 /* Poppins-Black.ttf */ = {isa = PBXFileReference; lastKnownFileType = file; path = "Poppins-Black.ttf"; sourceTree = "<group>"; };
		C7B7C04427550053005AD305 /* GetGoalsForCalendarResponse.swift */ = {isa = PBXFileReference; lastKnownFileType = sourcecode.swift; path = GetGoalsForCalendarResponse.swift; sourceTree = "<group>"; };
		C7C9CDEF2737625800DC2A09 /* Snowman.app */ = {isa = PBXFileReference; explicitFileType = wrapper.application; includeInIndex = 0; path = Snowman.app; sourceTree = BUILT_PRODUCTS_DIR; };
		C7C9CDF22737625800DC2A09 /* AppDelegate.swift */ = {isa = PBXFileReference; lastKnownFileType = sourcecode.swift; path = AppDelegate.swift; sourceTree = "<group>"; };
		C7C9CDF62737625800DC2A09 /* ViewController.swift */ = {isa = PBXFileReference; lastKnownFileType = sourcecode.swift; path = ViewController.swift; sourceTree = "<group>"; };
		C7C9CDFB2737625F00DC2A09 /* Assets.xcassets */ = {isa = PBXFileReference; lastKnownFileType = folder.assetcatalog; path = Assets.xcassets; sourceTree = "<group>"; };
		C7C9CDFE2737625F00DC2A09 /* Base */ = {isa = PBXFileReference; lastKnownFileType = file.storyboard; name = Base; path = Base.lproj/LaunchScreen.storyboard; sourceTree = "<group>"; };
		C7C9CE002737625F00DC2A09 /* Info.plist */ = {isa = PBXFileReference; lastKnownFileType = text.plist.xml; path = Info.plist; sourceTree = "<group>"; };
		C7D38D712748D5440049F3AA /* DateFormatters.swift */ = {isa = PBXFileReference; lastKnownFileType = sourcecode.swift; path = DateFormatters.swift; sourceTree = "<group>"; };
		C7D38D772748D8090049F3AA /* Date+.swift */ = {isa = PBXFileReference; lastKnownFileType = sourcecode.swift; path = "Date+.swift"; sourceTree = "<group>"; };
		C7D92FBE274D1D4400DAA184 /* HistoryTodo.swift */ = {isa = PBXFileReference; lastKnownFileType = sourcecode.swift; path = HistoryTodo.swift; sourceTree = "<group>"; };
		C7D92FC1274D402E00DAA184 /* String+.swift */ = {isa = PBXFileReference; lastKnownFileType = sourcecode.swift; path = "String+.swift"; sourceTree = "<group>"; };
		C7D92FC4274D442F00DAA184 /* Sequence+.swift */ = {isa = PBXFileReference; lastKnownFileType = sourcecode.swift; path = "Sequence+.swift"; sourceTree = "<group>"; };
		C7D92FD7274E874700DAA184 /* TodoAPI.swift */ = {isa = PBXFileReference; lastKnownFileType = sourcecode.swift; path = TodoAPI.swift; sourceTree = "<group>"; };
		C7D92FDE274E89C400DAA184 /* TodoService.swift */ = {isa = PBXFileReference; lastKnownFileType = sourcecode.swift; path = TodoService.swift; sourceTree = "<group>"; };
		C7D92FE1274E8AA200DAA184 /* PutTodoResponse.swift */ = {isa = PBXFileReference; lastKnownFileType = sourcecode.swift; path = PutTodoResponse.swift; sourceTree = "<group>"; };
		C7DE7FC6274A5B6B00C8DFB4 /* HistoryViewController.swift */ = {isa = PBXFileReference; lastKnownFileType = sourcecode.swift; path = HistoryViewController.swift; sourceTree = "<group>"; };
		C7DE7FCA274A6CEC00C8DFB4 /* HistoryCell.swift */ = {isa = PBXFileReference; lastKnownFileType = sourcecode.swift; path = HistoryCell.swift; sourceTree = "<group>"; };
		C7DE7FD1274A830300C8DFB4 /* SignInViewController.swift */ = {isa = PBXFileReference; lastKnownFileType = sourcecode.swift; path = SignInViewController.swift; sourceTree = "<group>"; };
		C7DE7FD5274A830A00C8DFB4 /* SignUpNameIdViewController.swift */ = {isa = PBXFileReference; lastKnownFileType = sourcecode.swift; path = SignUpNameIdViewController.swift; sourceTree = "<group>"; };
		C7DE7FD9274A882300C8DFB4 /* StartSignInViewController.swift */ = {isa = PBXFileReference; lastKnownFileType = sourcecode.swift; path = StartSignInViewController.swift; sourceTree = "<group>"; };
		C7DE7FDE274A90B400C8DFB4 /* UITextField+.swift */ = {isa = PBXFileReference; lastKnownFileType = sourcecode.swift; path = "UITextField+.swift"; sourceTree = "<group>"; };
		C7DE7FE3274A929A00C8DFB4 /* SignUpPasswordViewController.swift */ = {isa = PBXFileReference; lastKnownFileType = sourcecode.swift; path = SignUpPasswordViewController.swift; sourceTree = "<group>"; };
		C7EDAD20274563E8008C699C /* SpoqaHanSansNeo-bold.otf */ = {isa = PBXFileReference; lastKnownFileType = file; path = "SpoqaHanSansNeo-bold.otf"; sourceTree = "<group>"; };
		C7EDAD21274563E9008C699C /* SpoqaHanSansNeo-medium.otf */ = {isa = PBXFileReference; lastKnownFileType = file; path = "SpoqaHanSansNeo-medium.otf"; sourceTree = "<group>"; };
		C7EDAD22274563EA008C699C /* SpoqaHanSansNeo-regular.otf */ = {isa = PBXFileReference; lastKnownFileType = file; path = "SpoqaHanSansNeo-regular.otf"; sourceTree = "<group>"; };
		C7F4B8E327497EB0002DD317 /* CalendarTodoCell.swift */ = {isa = PBXFileReference; lastKnownFileType = sourcecode.swift; path = CalendarTodoCell.swift; sourceTree = "<group>"; };
		C7F65E2D274BC50200D57086 /* AuthAPI.swift */ = {isa = PBXFileReference; lastKnownFileType = sourcecode.swift; path = AuthAPI.swift; sourceTree = "<group>"; };
		C7F65E30274BC50900D57086 /* AuthService.swift */ = {isa = PBXFileReference; lastKnownFileType = sourcecode.swift; path = AuthService.swift; sourceTree = "<group>"; };
		C7F65E33274BCB5400D57086 /* AuthResponse.swift */ = {isa = PBXFileReference; lastKnownFileType = sourcecode.swift; path = AuthResponse.swift; sourceTree = "<group>"; };
		C7F65E36274BD03600D57086 /* RootViewControllerChanger.swift */ = {isa = PBXFileReference; lastKnownFileType = sourcecode.swift; path = RootViewControllerChanger.swift; sourceTree = "<group>"; };
		DD02A9752748B7E800D9B324 /* UserDefaultKey.swift */ = {isa = PBXFileReference; lastKnownFileType = sourcecode.swift; path = UserDefaultKey.swift; sourceTree = "<group>"; };
		DD02A9792748C09A00D9B324 /* Snowe.swift */ = {isa = PBXFileReference; lastKnownFileType = sourcecode.swift; path = Snowe.swift; sourceTree = "<group>"; };
		DD02A97B2748CAE900D9B324 /* GoalRequest.swift */ = {isa = PBXFileReference; lastKnownFileType = sourcecode.swift; path = GoalRequest.swift; sourceTree = "<group>"; };
		DD02A97E2749482900D9B324 /* NewGoal.swift */ = {isa = PBXFileReference; lastKnownFileType = sourcecode.swift; path = NewGoal.swift; sourceTree = "<group>"; };
		DD02A98027495CF000D9B324 /* AwardsResponse.swift */ = {isa = PBXFileReference; lastKnownFileType = sourcecode.swift; path = AwardsResponse.swift; sourceTree = "<group>"; };
		DD02A98227495D9E00D9B324 /* AwardAPI.swift */ = {isa = PBXFileReference; lastKnownFileType = sourcecode.swift; path = AwardAPI.swift; sourceTree = "<group>"; };
		DD02A98427495F5700D9B324 /* AwardService.swift */ = {isa = PBXFileReference; lastKnownFileType = sourcecode.swift; path = AwardService.swift; sourceTree = "<group>"; };
		DD02A98627496ABF00D9B324 /* LevelStickerView.swift */ = {isa = PBXFileReference; lastKnownFileType = sourcecode.swift; path = LevelStickerView.swift; sourceTree = "<group>"; };
		DD02A98A2749762300D9B324 /* HomeViewController.swift */ = {isa = PBXFileReference; lastKnownFileType = sourcecode.swift; path = HomeViewController.swift; sourceTree = "<group>"; };
		DD02A98D2749766500D9B324 /* SnoweCollectionViewCell.swift */ = {isa = PBXFileReference; lastKnownFileType = sourcecode.swift; path = SnoweCollectionViewCell.swift; sourceTree = "<group>"; };
		DD02A98F274976A700D9B324 /* ZoomAndSnapFlowLayout.swift */ = {isa = PBXFileReference; lastKnownFileType = sourcecode.swift; path = ZoomAndSnapFlowLayout.swift; sourceTree = "<group>"; };
		DD18EDF3274B93F700F4BCC1 /* NotificationResponse.swift */ = {isa = PBXFileReference; lastKnownFileType = sourcecode.swift; path = NotificationResponse.swift; sourceTree = "<group>"; };
		DD5DDFDA2751FAEF007E29DD /* ViewTitle.swift */ = {isa = PBXFileReference; lastKnownFileType = sourcecode.swift; path = ViewTitle.swift; sourceTree = "<group>"; };
		DD70F2FC27411EFB0053374B /* Image.swift */ = {isa = PBXFileReference; lastKnownFileType = sourcecode.swift; path = Image.swift; sourceTree = "<group>"; };
		DD70F2FE27411F020053374B /* Color.swift */ = {isa = PBXFileReference; lastKnownFileType = sourcecode.swift; path = Color.swift; sourceTree = "<group>"; };
		DD70F30027411F0A0053374B /* Font.swift */ = {isa = PBXFileReference; lastKnownFileType = sourcecode.swift; path = Font.swift; sourceTree = "<group>"; };
		DD7D17DD274EA16C00462331 /* MakerInfoViewController.swift */ = {isa = PBXFileReference; lastKnownFileType = sourcecode.swift; path = MakerInfoViewController.swift; sourceTree = "<group>"; };
		DD7D17DF274EA6F600462331 /* MakerInfoHeaderView.swift */ = {isa = PBXFileReference; lastKnownFileType = sourcecode.swift; path = MakerInfoHeaderView.swift; sourceTree = "<group>"; };
		DD7D17E1274EAFF700462331 /* DeleteCharacterViewController.swift */ = {isa = PBXFileReference; lastKnownFileType = sourcecode.swift; path = DeleteCharacterViewController.swift; sourceTree = "<group>"; };
		DD7D17E4274EBC0400462331 /* PopUpViewController.swift */ = {isa = PBXFileReference; lastKnownFileType = sourcecode.swift; path = PopUpViewController.swift; sourceTree = "<group>"; };
		DD86CBE52748210100F6EC8D /* BaseTargetType.swift */ = {isa = PBXFileReference; lastKnownFileType = sourcecode.swift; path = BaseTargetType.swift; sourceTree = "<group>"; };
		DD86CBE72748216D00F6EC8D /* GoalAPI.swift */ = {isa = PBXFileReference; lastKnownFileType = sourcecode.swift; path = GoalAPI.swift; sourceTree = "<group>"; };
		DD86CBE92748232600F6EC8D /* URLConst.swift */ = {isa = PBXFileReference; lastKnownFileType = sourcecode.swift; path = URLConst.swift; sourceTree = "<group>"; };
		DD86CBEB274824EA00F6EC8D /* GoalService.swift */ = {isa = PBXFileReference; lastKnownFileType = sourcecode.swift; path = GoalService.swift; sourceTree = "<group>"; };
		DD86CBEE2748257B00F6EC8D /* ErrorResponse.swift */ = {isa = PBXFileReference; lastKnownFileType = sourcecode.swift; path = ErrorResponse.swift; sourceTree = "<group>"; };
		DD86CBF02748265200F6EC8D /* NetworkResult.swift */ = {isa = PBXFileReference; lastKnownFileType = sourcecode.swift; path = NetworkResult.swift; sourceTree = "<group>"; };
		DD86CBF2274826FA00F6EC8D /* GoalResponse.swift */ = {isa = PBXFileReference; lastKnownFileType = sourcecode.swift; path = GoalResponse.swift; sourceTree = "<group>"; };
		DD86CBF42748278E00F6EC8D /* TodoResponse.swift */ = {isa = PBXFileReference; lastKnownFileType = sourcecode.swift; path = TodoResponse.swift; sourceTree = "<group>"; };
		DD86CBF62748284D00F6EC8D /* NetworkService.swift */ = {isa = PBXFileReference; lastKnownFileType = sourcecode.swift; path = NetworkService.swift; sourceTree = "<group>"; };
		DD892244274AC72E00316FE0 /* UserResponse.swift */ = {isa = PBXFileReference; lastKnownFileType = sourcecode.swift; path = UserResponse.swift; sourceTree = "<group>"; };
		DD894D2C27473833004AF5A6 /* GoalQuestionViewController.swift */ = {isa = PBXFileReference; lastKnownFileType = sourcecode.swift; path = GoalQuestionViewController.swift; sourceTree = "<group>"; };
		DD894D2E2747384A004AF5A6 /* NameQuestionViewController.swift */ = {isa = PBXFileReference; lastKnownFileType = sourcecode.swift; path = NameQuestionViewController.swift; sourceTree = "<group>"; };
		DD894D3027473DEF004AF5A6 /* CharacterChoiceViewController.swift */ = {isa = PBXFileReference; lastKnownFileType = sourcecode.swift; path = CharacterChoiceViewController.swift; sourceTree = "<group>"; };
		DD894D3427473FF7004AF5A6 /* CharacterCollectionViewCell.swift */ = {isa = PBXFileReference; lastKnownFileType = sourcecode.swift; path = CharacterCollectionViewCell.swift; sourceTree = "<group>"; };
		DD894D3627474F98004AF5A6 /* GoalCreationViewController.swift */ = {isa = PBXFileReference; lastKnownFileType = sourcecode.swift; path = GoalCreationViewController.swift; sourceTree = "<group>"; };
		DD8D196F2754B21C00483D32 /* LevelUpViewController.swift */ = {isa = PBXFileReference; lastKnownFileType = sourcecode.swift; path = LevelUpViewController.swift; sourceTree = "<group>"; };
		DDA1F5652753A67300D9C2FB /* StampViewController.swift */ = {isa = PBXFileReference; lastKnownFileType = sourcecode.swift; path = StampViewController.swift; sourceTree = "<group>"; };
		DDA1F5672753A6EC00D9C2FB /* StampCollectionViewCell.swift */ = {isa = PBXFileReference; lastKnownFileType = sourcecode.swift; path = StampCollectionViewCell.swift; sourceTree = "<group>"; };
		DDA1F5692753A7F800D9C2FB /* StampModalViewController.swift */ = {isa = PBXFileReference; lastKnownFileType = sourcecode.swift; path = StampModalViewController.swift; sourceTree = "<group>"; };
		DDA1F56B2753A84300D9C2FB /* ModalPresentationController.swift */ = {isa = PBXFileReference; lastKnownFileType = sourcecode.swift; path = ModalPresentationController.swift; sourceTree = "<group>"; };
		DDA1F56D2753A8F400D9C2FB /* StampResponse.swift */ = {isa = PBXFileReference; lastKnownFileType = sourcecode.swift; path = StampResponse.swift; sourceTree = "<group>"; };
		DDBAFAE9274E578A0089CCD9 /* MyPageViewController.swift */ = {isa = PBXFileReference; lastKnownFileType = sourcecode.swift; path = MyPageViewController.swift; sourceTree = "<group>"; };
		DDBAFAED274E5A420089CCD9 /* MyPageContentTableViewCell.swift */ = {isa = PBXFileReference; lastKnownFileType = sourcecode.swift; path = MyPageContentTableViewCell.swift; sourceTree = "<group>"; };
		DDBAFAF0274E5C7E0089CCD9 /* MyPageHeaderView.swift */ = {isa = PBXFileReference; lastKnownFileType = sourcecode.swift; path = MyPageHeaderView.swift; sourceTree = "<group>"; };
		DDBAFAF2274E8F0E0089CCD9 /* RankUserInfoResponse.swift */ = {isa = PBXFileReference; lastKnownFileType = sourcecode.swift; path = RankUserInfoResponse.swift; sourceTree = "<group>"; };
		DDBF0A68274CC7AD00DA429D /* RankViewController.swift */ = {isa = PBXFileReference; lastKnownFileType = sourcecode.swift; path = RankViewController.swift; sourceTree = "<group>"; };
		DDBF0A6A274CC7D600DA429D /* RankCollectionViewCell.swift */ = {isa = PBXFileReference; lastKnownFileType = sourcecode.swift; path = RankCollectionViewCell.swift; sourceTree = "<group>"; };
		DDBF0A6C274CE88F00DA429D /* GenericPageArrayResponse.swift */ = {isa = PBXFileReference; lastKnownFileType = sourcecode.swift; path = GenericPageArrayResponse.swift; sourceTree = "<group>"; };
		DDD50EEC274681E100EA508F /* QuestionBaseViewController.swift */ = {isa = PBXFileReference; lastKnownFileType = sourcecode.swift; path = QuestionBaseViewController.swift; sourceTree = "<group>"; };
		DDD7489B274776C30056C505 /* AwardViewController.swift */ = {isa = PBXFileReference; lastKnownFileType = sourcecode.swift; path = AwardViewController.swift; sourceTree = "<group>"; };
		DDD7489E27477B980056C505 /* AwardTableViewCell.swift */ = {isa = PBXFileReference; lastKnownFileType = sourcecode.swift; path = AwardTableViewCell.swift; sourceTree = "<group>"; };
		DDD748A027477D430056C505 /* TopTabBarViewController.swift */ = {isa = PBXFileReference; lastKnownFileType = sourcecode.swift; path = TopTabBarViewController.swift; sourceTree = "<group>"; };
		DDD748A227477DA30056C505 /* MenuItemCollectionViewCell.swift */ = {isa = PBXFileReference; lastKnownFileType = sourcecode.swift; path = MenuItemCollectionViewCell.swift; sourceTree = "<group>"; };
		DDD748A42747B1D80056C505 /* UIImage+.swift */ = {isa = PBXFileReference; lastKnownFileType = sourcecode.swift; path = "UIImage+.swift"; sourceTree = "<group>"; };
		DDE00F07274B8B5D00BD2C20 /* Snowman.entitlements */ = {isa = PBXFileReference; lastKnownFileType = text.plist.entitlements; path = Snowman.entitlements; sourceTree = "<group>"; };
		DDE00F08274B8B8900BD2C20 /* PushKit.framework */ = {isa = PBXFileReference; lastKnownFileType = wrapper.framework; name = PushKit.framework; path = System/Library/Frameworks/PushKit.framework; sourceTree = SDKROOT; };
		DDE00F0B274B8F7300BD2C20 /* NotificationViewController.swift */ = {isa = PBXFileReference; lastKnownFileType = sourcecode.swift; path = NotificationViewController.swift; sourceTree = "<group>"; };
		DDE00F0F274B902300BD2C20 /* NotificationTableViewCell.swift */ = {isa = PBXFileReference; lastKnownFileType = sourcecode.swift; path = NotificationTableViewCell.swift; sourceTree = "<group>"; };
		DDF283BF274BF5B800C426D7 /* GoogleService-Info.plist */ = {isa = PBXFileReference; fileEncoding = 4; lastKnownFileType = text.plist.xml; path = "GoogleService-Info.plist"; sourceTree = "<group>"; };
		DDF283C4274C04E800C426D7 /* UserAPI.swift */ = {isa = PBXFileReference; lastKnownFileType = sourcecode.swift; path = UserAPI.swift; sourceTree = "<group>"; };
		DDF283C6274C064A00C426D7 /* UserService.swift */ = {isa = PBXFileReference; lastKnownFileType = sourcecode.swift; path = UserService.swift; sourceTree = "<group>"; };
		DDF283C8274C0FE100C426D7 /* Notification.Name+.swift */ = {isa = PBXFileReference; lastKnownFileType = sourcecode.swift; path = "Notification.Name+.swift"; sourceTree = "<group>"; };
		DDF283CD274C346600C426D7 /* HomeNavigationViewController.swift */ = {isa = PBXFileReference; lastKnownFileType = sourcecode.swift; path = HomeNavigationViewController.swift; sourceTree = "<group>"; };
		DDF283CF274C3BCF00C426D7 /* AlarmsResponse.swift */ = {isa = PBXFileReference; lastKnownFileType = sourcecode.swift; path = AlarmsResponse.swift; sourceTree = "<group>"; };
		DDFAF14827457FA4005A3097 /* BaseNavigationController.swift */ = {isa = PBXFileReference; lastKnownFileType = sourcecode.swift; path = BaseNavigationController.swift; sourceTree = "<group>"; };
		DDFAF14A27457FCB005A3097 /* BaseViewController.swift */ = {isa = PBXFileReference; lastKnownFileType = sourcecode.swift; path = BaseViewController.swift; sourceTree = "<group>"; };
		DDFAF14D274583AA005A3097 /* Reusable.swift */ = {isa = PBXFileReference; lastKnownFileType = sourcecode.swift; path = Reusable.swift; sourceTree = "<group>"; };
		DDFAF14F274583F0005A3097 /* UITableVIew+Reusable.swift */ = {isa = PBXFileReference; lastKnownFileType = sourcecode.swift; path = "UITableVIew+Reusable.swift"; sourceTree = "<group>"; };
		DDFAF15127458416005A3097 /* UICollectionView+Reusable.swift */ = {isa = PBXFileReference; lastKnownFileType = sourcecode.swift; path = "UICollectionView+Reusable.swift"; sourceTree = "<group>"; };
		DDFAF15327458441005A3097 /* UIView+.swift */ = {isa = PBXFileReference; lastKnownFileType = sourcecode.swift; path = "UIView+.swift"; sourceTree = "<group>"; };
		DDFAF15527458457005A3097 /* UIButton+.swift */ = {isa = PBXFileReference; lastKnownFileType = sourcecode.swift; path = "UIButton+.swift"; sourceTree = "<group>"; };
		DDFAF15727458488005A3097 /* UIStackView+.swift */ = {isa = PBXFileReference; lastKnownFileType = sourcecode.swift; path = "UIStackView+.swift"; sourceTree = "<group>"; };
		DDFAF15A27458556005A3097 /* MoyaLoggingPlugin.swift */ = {isa = PBXFileReference; lastKnownFileType = sourcecode.swift; path = MoyaLoggingPlugin.swift; sourceTree = "<group>"; };
/* End PBXFileReference section */

/* Begin PBXFrameworksBuildPhase section */
		C7C9CDEC2737625800DC2A09 /* Frameworks */ = {
			isa = PBXFrameworksBuildPhase;
			buildActionMask = 2147483647;
			files = (
				641F87721BD4E2A9612BD226 /* Pods_Snowman.framework in Frameworks */,
				DD70F3042741202D0053374B /* SnapKit in Frameworks */,
				DD70F30D2741209F0053374B /* Then in Frameworks */,
				DD70F310274120C10053374B /* Kingfisher in Frameworks */,
				DD70F31D2741254B0053374B /* Moya in Frameworks */,
				DD70F316274121570053374B /* PanModal in Frameworks */,
				DDF283C1274BF88000C426D7 /* PushKit.framework in Frameworks */,
			);
			runOnlyForDeploymentPostprocessing = 0;
		};
/* End PBXFrameworksBuildPhase section */

/* Begin PBXGroup section */
		2833E528DC527A38B49E41CE /* Pods */ = {
			isa = PBXGroup;
			children = (
				9688495685D4CE9B2C338215 /* Pods-Snowman.debug.xcconfig */,
				788ACA07E071AF9CA17DB541 /* Pods-Snowman.release.xcconfig */,
			);
			path = Pods;
			sourceTree = "<group>";
		};
		B2A2769D15DD64A9E0F2E2EC /* Frameworks */ = {
			isa = PBXGroup;
			children = (
				DDE00F08274B8B8900BD2C20 /* PushKit.framework */,
				7CA2FF155FE64827A2BCD39F /* Pods_Snowman.framework */,
			);
			name = Frameworks;
			sourceTree = "<group>";
		};
		C75A5900274687650001CDD1 /* CalendarView */ = {
			isa = PBXGroup;
			children = (
				C768D12427499E04000E0677 /* CalendarDayCell.swift */,
				C768D12327499E03000E0677 /* CalendarFlowLayout.swift */,
				C768D11E27499E02000E0677 /* CalendarHeaderView.swift */,
				C768D12027499E03000E0677 /* CalendarView.swift */,
				C768D11F27499E03000E0677 /* CalendarView+DataSource.swift */,
				C768D12527499E04000E0677 /* CalendarView+Delegate.swift */,
				C768D12127499E03000E0677 /* CalendarView+Extensions.swift */,
				C768D12227499E03000E0677 /* CalendarView+Style.swift */,
				C768D11D27499E02000E0677 /* EventsManager.swift */,
			);
			path = CalendarView;
			sourceTree = "<group>";
		};
		C75A5914274687980001CDD1 /* Calendar */ = {
			isa = PBXGroup;
			children = (
				C75A5915274687AE0001CDD1 /* CalendarViewController.swift */,
				C7F4B8E327497EB0002DD317 /* CalendarTodoCell.swift */,
				C768D1192749955B000E0677 /* TodoModel.swift */,
			);
			path = Calendar;
			sourceTree = "<group>";
		};
		C7C9CDE62737625800DC2A09 = {
			isa = PBXGroup;
			children = (
				C7C9CDF12737625800DC2A09 /* Snowman */,
				C7C9CDF02737625800DC2A09 /* Products */,
				2833E528DC527A38B49E41CE /* Pods */,
				B2A2769D15DD64A9E0F2E2EC /* Frameworks */,
			);
			sourceTree = "<group>";
		};
		C7C9CDF02737625800DC2A09 /* Products */ = {
			isa = PBXGroup;
			children = (
				C7C9CDEF2737625800DC2A09 /* Snowman.app */,
			);
			name = Products;
			sourceTree = "<group>";
		};
		C7C9CDF12737625800DC2A09 /* Snowman */ = {
			isa = PBXGroup;
			children = (
				DDE00F07274B8B5D00BD2C20 /* Snowman.entitlements */,
				DD70F2EE27411C270053374B /* Support */,
				DD70F2EB27411BF70053374B /* Resource */,
				DD70F2EA27411BD60053374B /* Source */,
			);
			path = Snowman;
			sourceTree = "<group>";
		};
		C7DE7FC5274A5B5F00C8DFB4 /* History */ = {
			isa = PBXGroup;
			children = (
				C7DE7FC6274A5B6B00C8DFB4 /* HistoryViewController.swift */,
				C7DE7FCA274A6CEC00C8DFB4 /* HistoryCell.swift */,
			);
			path = History;
			sourceTree = "<group>";
		};
		C7DE7FCF274A82D800C8DFB4 /* SignUp */ = {
			isa = PBXGroup;
			children = (
				C7DE7FD5274A830A00C8DFB4 /* SignUpNameIdViewController.swift */,
				C7DE7FE3274A929A00C8DFB4 /* SignUpPasswordViewController.swift */,
			);
			path = SignUp;
			sourceTree = "<group>";
		};
		C7DE7FD0274A82F000C8DFB4 /* Login */ = {
			isa = PBXGroup;
			children = (
				C7DE7FD1274A830300C8DFB4 /* SignInViewController.swift */,
				C7DE7FD9274A882300C8DFB4 /* StartSignInViewController.swift */,
			);
			path = Login;
			sourceTree = "<group>";
		};
		C7EDAD1E274563D9008C699C /* Fonts */ = {
			isa = PBXGroup;
			children = (
				C768D139274A20FA000E0677 /* Poppins-Black.ttf */,
				C7EDAD20274563E8008C699C /* SpoqaHanSansNeo-bold.otf */,
				C7EDAD21274563E9008C699C /* SpoqaHanSansNeo-medium.otf */,
				C7EDAD22274563EA008C699C /* SpoqaHanSansNeo-regular.otf */,
			);
			path = Fonts;
			sourceTree = "<group>";
		};
		DD02A9772748C02B00D9B324 /* Model */ = {
			isa = PBXGroup;
			children = (
				DD86CBED2748253900F6EC8D /* APIModel */,
				DD02A9782748C03800D9B324 /* AppModel */,
			);
			path = Model;
			sourceTree = "<group>";
		};
		DD02A9782748C03800D9B324 /* AppModel */ = {
			isa = PBXGroup;
			children = (
				DD02A9792748C09A00D9B324 /* Snowe.swift */,
				DD02A97E2749482900D9B324 /* NewGoal.swift */,
				C7D92FBE274D1D4400DAA184 /* HistoryTodo.swift */,
			);
			path = AppModel;
			sourceTree = "<group>";
		};
		DD02A988274975EF00D9B324 /* Home */ = {
			isa = PBXGroup;
			children = (
				DD02A98C2749763800D9B324 /* Cell */,
				DD02A989274975FF00D9B324 /* View */,
				DD02A98F274976A700D9B324 /* ZoomAndSnapFlowLayout.swift */,
			);
			path = Home;
			sourceTree = "<group>";
		};
		DD02A989274975FF00D9B324 /* View */ = {
			isa = PBXGroup;
			children = (
				DD02A98A2749762300D9B324 /* HomeViewController.swift */,
				DDF283CD274C346600C426D7 /* HomeNavigationViewController.swift */,
			);
			path = View;
			sourceTree = "<group>";
		};
		DD02A98C2749763800D9B324 /* Cell */ = {
			isa = PBXGroup;
			children = (
				DD02A98D2749766500D9B324 /* SnoweCollectionViewCell.swift */,
				C714B27F2752CD370062AACB /* HomeTodoCell.swift */,
			);
			path = Cell;
			sourceTree = "<group>";
		};
		DD70F2EA27411BD60053374B /* Source */ = {
			isa = PBXGroup;
			children = (
				DD02A9772748C02B00D9B324 /* Model */,
				DD70F2F627411E660053374B /* Component */,
				DD70F2EF27411C3D0053374B /* Feature */,
				DD70F2F327411E430053374B /* Network */,
				DD70F2F927411EBB0053374B /* Util */,
			);
			path = Source;
			sourceTree = "<group>";
		};
		DD70F2EB27411BF70053374B /* Resource */ = {
			isa = PBXGroup;
			children = (
				C7EDAD1E274563D9008C699C /* Fonts */,
				DD70F2EC27411C060053374B /* Storyboard */,
				C7C9CDFB2737625F00DC2A09 /* Assets.xcassets */,
				DD70F2FC27411EFB0053374B /* Image.swift */,
				DD70F2FE27411F020053374B /* Color.swift */,
				DD70F30027411F0A0053374B /* Font.swift */,
				DD02A9752748B7E800D9B324 /* UserDefaultKey.swift */,
				DD5DDFDA2751FAEF007E29DD /* ViewTitle.swift */,
			);
			path = Resource;
			sourceTree = "<group>";
		};
		DD70F2EC27411C060053374B /* Storyboard */ = {
			isa = PBXGroup;
			children = (
				C7C9CDFD2737625F00DC2A09 /* LaunchScreen.storyboard */,
			);
			path = Storyboard;
			sourceTree = "<group>";
		};
		DD70F2ED27411C170053374B /* Config */ = {
			isa = PBXGroup;
			children = (
				DDF283BF274BF5B800C426D7 /* GoogleService-Info.plist */,
				C7C9CE002737625F00DC2A09 /* Info.plist */,
			);
			path = Config;
			sourceTree = "<group>";
		};
		DD70F2EE27411C270053374B /* Support */ = {
			isa = PBXGroup;
			children = (
				C7C9CDF22737625800DC2A09 /* AppDelegate.swift */,
				DD70F2ED27411C170053374B /* Config */,
			);
			path = Support;
			sourceTree = "<group>";
		};
		DD70F2EF27411C3D0053374B /* Feature */ = {
			isa = PBXGroup;
			children = (
				DD8D196E2754B1F400483D32 /* LevelUp */,
				DD7D17E3274EBB4A00462331 /* PopUp */,
				DDBAFAE8274E57740089CCD9 /* MyPage */,
				DDE00F0A274B8F3A00BD2C20 /* Notification */,
				C7DE7FD0274A82F000C8DFB4 /* Login */,
				C7DE7FCF274A82D800C8DFB4 /* SignUp */,
				DD02A988274975EF00D9B324 /* Home */,
				C7DE7FC5274A5B5F00C8DFB4 /* History */,
				DDD74899274776A00056C505 /* Award */,
				DDD50EEB274681C100EA508F /* NewCharacter */,
				C75A5914274687980001CDD1 /* Calendar */,
				C7C9CDF62737625800DC2A09 /* ViewController.swift */,
				C714B2842753543E0062AACB /* NoNetworkViewController.swift */,
				C7F65E36274BD03600D57086 /* RootViewControllerChanger.swift */,
			);
			path = Feature;
			sourceTree = "<group>";
		};
		DD70F2F327411E430053374B /* Network */ = {
			isa = PBXGroup;
			children = (
				DD86CBE52748210100F6EC8D /* BaseTargetType.swift */,
				DD86CBF62748284D00F6EC8D /* NetworkService.swift */,
				DD86CBF02748265200F6EC8D /* NetworkResult.swift */,
				DD86CBE92748232600F6EC8D /* URLConst.swift */,
				DD86CBE327481EDF00F6EC8D /* API */,
				DD86CBE427481EE800F6EC8D /* Service */,
				DDFAF15927458512005A3097 /* MoyaPlugin */,
			);
			path = Network;
			sourceTree = "<group>";
		};
		DD70F2F627411E660053374B /* Component */ = {
			isa = PBXGroup;
			children = (
				DDFAF14C27457FCF005A3097 /* Base */,
				DDF283CA274C30D800C426D7 /* View */,
				C75A5900274687650001CDD1 /* CalendarView */,
			);
			path = Component;
			sourceTree = "<group>";
		};
		DD70F2F927411EBB0053374B /* Util */ = {
			isa = PBXGroup;
			children = (
				DDFAF14D274583AA005A3097 /* Reusable.swift */,
				DDFAF14F274583F0005A3097 /* UITableVIew+Reusable.swift */,
				DDFAF15127458416005A3097 /* UICollectionView+Reusable.swift */,
				DDFAF15327458441005A3097 /* UIView+.swift */,
				DDFAF15527458457005A3097 /* UIButton+.swift */,
				DDFAF15727458488005A3097 /* UIStackView+.swift */,
				DDD748A42747B1D80056C505 /* UIImage+.swift */,
				C7D38D712748D5440049F3AA /* DateFormatters.swift */,
				C7D38D772748D8090049F3AA /* Date+.swift */,
				C7DE7FDE274A90B400C8DFB4 /* UITextField+.swift */,
				DDF283C8274C0FE100C426D7 /* Notification.Name+.swift */,
				C7D92FC1274D402E00DAA184 /* String+.swift */,
				C7D92FC4274D442F00DAA184 /* Sequence+.swift */,
				C714B287275356F80062AACB /* InternetConnectivity.swift */,
			);
			path = Util;
			sourceTree = "<group>";
		};
		DD7D17E3274EBB4A00462331 /* PopUp */ = {
			isa = PBXGroup;
			children = (
				DD7D17E4274EBC0400462331 /* PopUpViewController.swift */,
			);
			path = PopUp;
			sourceTree = "<group>";
		};
		DD86CBE327481EDF00F6EC8D /* API */ = {
			isa = PBXGroup;
			children = (
				DD86CBE72748216D00F6EC8D /* GoalAPI.swift */,
				DD02A98227495D9E00D9B324 /* AwardAPI.swift */,
				C7F65E2D274BC50200D57086 /* AuthAPI.swift */,
				DDF283C4274C04E800C426D7 /* UserAPI.swift */,
				C7D92FD7274E874700DAA184 /* TodoAPI.swift */,
			);
			path = API;
			sourceTree = "<group>";
		};
		DD86CBE427481EE800F6EC8D /* Service */ = {
			isa = PBXGroup;
			children = (
				DD86CBEB274824EA00F6EC8D /* GoalService.swift */,
				DD02A98427495F5700D9B324 /* AwardService.swift */,
				C7F65E30274BC50900D57086 /* AuthService.swift */,
				DDF283C6274C064A00C426D7 /* UserService.swift */,
				C7D92FDE274E89C400DAA184 /* TodoService.swift */,
			);
			path = Service;
			sourceTree = "<group>";
		};
		DD86CBED2748253900F6EC8D /* APIModel */ = {
			isa = PBXGroup;
			children = (
				DD86CBEE2748257B00F6EC8D /* ErrorResponse.swift */,
				DD86CBF2274826FA00F6EC8D /* GoalResponse.swift */,
				DD86CBF42748278E00F6EC8D /* TodoResponse.swift */,
				DD02A97B2748CAE900D9B324 /* GoalRequest.swift */,
				DD02A98027495CF000D9B324 /* AwardsResponse.swift */,
				DD18EDF3274B93F700F4BCC1 /* NotificationResponse.swift */,
				DD892244274AC72E00316FE0 /* UserResponse.swift */,
				C7F65E33274BCB5400D57086 /* AuthResponse.swift */,
				DDF283CF274C3BCF00C426D7 /* AlarmsResponse.swift */,
				DDBF0A6C274CE88F00DA429D /* GenericPageArrayResponse.swift */,
				C7D92FE1274E8AA200DAA184 /* PutTodoResponse.swift */,
				C714B23E275268CA0062AACB /* PostTodoResponse.swift */,
				DDBAFAF2274E8F0E0089CCD9 /* RankUserInfoResponse.swift */,
				C714B28C2753AF2E0062AACB /* GetGoalsByDateResponse.swift */,
				DDA1F56D2753A8F400D9C2FB /* StampResponse.swift */,
				C714B2932753D74C0062AACB /* GetDailyGoalsResponse.swift */,
				C7B7C04427550053005AD305 /* GetGoalsForCalendarResponse.swift */,
			);
			path = APIModel;
			sourceTree = "<group>";
		};
		DD894D3227473FB9004AF5A6 /* View */ = {
			isa = PBXGroup;
			children = (
				DD894D3627474F98004AF5A6 /* GoalCreationViewController.swift */,
				DDD50EEC274681E100EA508F /* QuestionBaseViewController.swift */,
				DD894D2C27473833004AF5A6 /* GoalQuestionViewController.swift */,
				DD894D3027473DEF004AF5A6 /* CharacterChoiceViewController.swift */,
				DD894D2E2747384A004AF5A6 /* NameQuestionViewController.swift */,
			);
			path = View;
			sourceTree = "<group>";
		};
		DD894D3327473FD8004AF5A6 /* Cell */ = {
			isa = PBXGroup;
			children = (
				DD894D3427473FF7004AF5A6 /* CharacterCollectionViewCell.swift */,
			);
			path = Cell;
			sourceTree = "<group>";
		};
		DD8D196E2754B1F400483D32 /* LevelUp */ = {
			isa = PBXGroup;
			children = (
				DD8D196F2754B21C00483D32 /* LevelUpViewController.swift */,
			);
			path = LevelUp;
			sourceTree = "<group>";
		};
		DDBAFAE8274E57740089CCD9 /* MyPage */ = {
			isa = PBXGroup;
			children = (
				DDBAFAEF274E5C580089CCD9 /* Header */,
				DDBAFAEC274E5A190089CCD9 /* Cell */,
				DDBAFAEB274E5A130089CCD9 /* View */,
			);
			path = MyPage;
			sourceTree = "<group>";
		};
		DDBAFAEB274E5A130089CCD9 /* View */ = {
			isa = PBXGroup;
			children = (
				DDBAFAE9274E578A0089CCD9 /* MyPageViewController.swift */,
				DD7D17DD274EA16C00462331 /* MakerInfoViewController.swift */,
				DD7D17E1274EAFF700462331 /* DeleteCharacterViewController.swift */,
			);
			path = View;
			sourceTree = "<group>";
		};
		DDBAFAEC274E5A190089CCD9 /* Cell */ = {
			isa = PBXGroup;
			children = (
				DDBAFAED274E5A420089CCD9 /* MyPageContentTableViewCell.swift */,
			);
			path = Cell;
			sourceTree = "<group>";
		};
		DDBAFAEF274E5C580089CCD9 /* Header */ = {
			isa = PBXGroup;
			children = (
				DDBAFAF0274E5C7E0089CCD9 /* MyPageHeaderView.swift */,
				DD7D17DF274EA6F600462331 /* MakerInfoHeaderView.swift */,
			);
			path = Header;
			sourceTree = "<group>";
		};
		DDD50EEB274681C100EA508F /* NewCharacter */ = {
			isa = PBXGroup;
			children = (
				DD894D3227473FB9004AF5A6 /* View */,
				DD894D3327473FD8004AF5A6 /* Cell */,
			);
			path = NewCharacter;
			sourceTree = "<group>";
		};
		DDD74899274776A00056C505 /* Award */ = {
			isa = PBXGroup;
			children = (
				DDD748A027477D430056C505 /* TopTabBarViewController.swift */,
				DDD7489A274776AC0056C505 /* View */,
				DDD7489D27477B790056C505 /* Cell */,
			);
			path = Award;
			sourceTree = "<group>";
		};
		DDD7489A274776AC0056C505 /* View */ = {
			isa = PBXGroup;
			children = (
				DDD7489B274776C30056C505 /* AwardViewController.swift */,
				DDBF0A68274CC7AD00DA429D /* RankViewController.swift */,
				DDA1F5652753A67300D9C2FB /* StampViewController.swift */,
				DDA1F5692753A7F800D9C2FB /* StampModalViewController.swift */,
			);
			path = View;
			sourceTree = "<group>";
		};
		DDD7489D27477B790056C505 /* Cell */ = {
			isa = PBXGroup;
			children = (
				DDD7489E27477B980056C505 /* AwardTableViewCell.swift */,
				DDD748A227477DA30056C505 /* MenuItemCollectionViewCell.swift */,
				DDBF0A6A274CC7D600DA429D /* RankCollectionViewCell.swift */,
				DDA1F5672753A6EC00D9C2FB /* StampCollectionViewCell.swift */,
			);
			path = Cell;
			sourceTree = "<group>";
		};
		DDE00F0A274B8F3A00BD2C20 /* Notification */ = {
			isa = PBXGroup;
			children = (
				DDE00F0D274B8FE900BD2C20 /* View */,
				DDE00F0E274B8FF300BD2C20 /* Cell */,
			);
			path = Notification;
			sourceTree = "<group>";
		};
		DDE00F0D274B8FE900BD2C20 /* View */ = {
			isa = PBXGroup;
			children = (
				DDE00F0B274B8F7300BD2C20 /* NotificationViewController.swift */,
			);
			path = View;
			sourceTree = "<group>";
		};
		DDE00F0E274B8FF300BD2C20 /* Cell */ = {
			isa = PBXGroup;
			children = (
				DDE00F0F274B902300BD2C20 /* NotificationTableViewCell.swift */,
			);
			path = Cell;
			sourceTree = "<group>";
		};
		DDF283CA274C30D800C426D7 /* View */ = {
			isa = PBXGroup;
			children = (
				DD02A98627496ABF00D9B324 /* LevelStickerView.swift */,
				C714B27C2752CAD90062AACB /* TodoView.swift */,
			);
			path = View;
			sourceTree = "<group>";
		};
		DDFAF14C27457FCF005A3097 /* Base */ = {
			isa = PBXGroup;
			children = (
				DDFAF14827457FA4005A3097 /* BaseNavigationController.swift */,
				DDFAF14A27457FCB005A3097 /* BaseViewController.swift */,
				C768D130274A032E000E0677 /* ContentSizedTableView.swift */,
				DDA1F56B2753A84300D9C2FB /* ModalPresentationController.swift */,
			);
			path = Base;
			sourceTree = "<group>";
		};
		DDFAF15927458512005A3097 /* MoyaPlugin */ = {
			isa = PBXGroup;
			children = (
				DDFAF15A27458556005A3097 /* MoyaLoggingPlugin.swift */,
			);
			path = MoyaPlugin;
			sourceTree = "<group>";
		};
/* End PBXGroup section */

/* Begin PBXNativeTarget section */
		C7C9CDEE2737625800DC2A09 /* Snowman */ = {
			isa = PBXNativeTarget;
			buildConfigurationList = C7C9CE032737625F00DC2A09 /* Build configuration list for PBXNativeTarget "Snowman" */;
			buildPhases = (
				12A64F28673309B6ED9A1B86 /* [CP] Check Pods Manifest.lock */,
				C7C9CDEB2737625800DC2A09 /* Sources */,
				C7C9CDEC2737625800DC2A09 /* Frameworks */,
				C7C9CDED2737625800DC2A09 /* Resources */,
				DD70F31A274121EC0053374B /* ShellScript */,
				6FE6998687A600991CF0918D /* [CP] Embed Pods Frameworks */,
			);
			buildRules = (
			);
			dependencies = (
			);
			name = Snowman;
			packageProductDependencies = (
				DD70F3032741202D0053374B /* SnapKit */,
				DD70F30C2741209F0053374B /* Then */,
				DD70F30F274120C10053374B /* Kingfisher */,
				DD70F315274121570053374B /* PanModal */,
				DD70F31C2741254B0053374B /* Moya */,
			);
			productName = Snowman;
			productReference = C7C9CDEF2737625800DC2A09 /* Snowman.app */;
			productType = "com.apple.product-type.application";
		};
/* End PBXNativeTarget section */

/* Begin PBXProject section */
		C7C9CDE72737625800DC2A09 /* Project object */ = {
			isa = PBXProject;
			attributes = {
				LastSwiftUpdateCheck = 1240;
				LastUpgradeCheck = 1240;
				TargetAttributes = {
					C7C9CDEE2737625800DC2A09 = {
						CreatedOnToolsVersion = 12.4;
					};
				};
			};
			buildConfigurationList = C7C9CDEA2737625800DC2A09 /* Build configuration list for PBXProject "Snowman" */;
			compatibilityVersion = "Xcode 9.3";
			developmentRegion = en;
			hasScannedForEncodings = 0;
			knownRegions = (
				en,
				Base,
			);
			mainGroup = C7C9CDE62737625800DC2A09;
			packageReferences = (
				DD70F3022741202D0053374B /* XCRemoteSwiftPackageReference "SnapKit" */,
				DD70F30B2741209F0053374B /* XCRemoteSwiftPackageReference "Then" */,
				DD70F30E274120C10053374B /* XCRemoteSwiftPackageReference "Kingfisher" */,
				DD70F314274121570053374B /* XCRemoteSwiftPackageReference "PanModal" */,
				DD70F31B2741254B0053374B /* XCRemoteSwiftPackageReference "Moya" */,
			);
			productRefGroup = C7C9CDF02737625800DC2A09 /* Products */;
			projectDirPath = "";
			projectRoot = "";
			targets = (
				C7C9CDEE2737625800DC2A09 /* Snowman */,
			);
		};
/* End PBXProject section */

/* Begin PBXResourcesBuildPhase section */
		C7C9CDED2737625800DC2A09 /* Resources */ = {
			isa = PBXResourcesBuildPhase;
			buildActionMask = 2147483647;
			files = (
				C768D13A274A20FA000E0677 /* Poppins-Black.ttf in Resources */,
				C7EDAD23274563EA008C699C /* SpoqaHanSansNeo-bold.otf in Resources */,
				C7EDAD24274563EA008C699C /* SpoqaHanSansNeo-medium.otf in Resources */,
				C7C9CDFF2737625F00DC2A09 /* LaunchScreen.storyboard in Resources */,
				C7C9CDFC2737625F00DC2A09 /* Assets.xcassets in Resources */,
				C7EDAD25274563EA008C699C /* SpoqaHanSansNeo-regular.otf in Resources */,
				DDF283C0274BF5B800C426D7 /* GoogleService-Info.plist in Resources */,
			);
			runOnlyForDeploymentPostprocessing = 0;
		};
/* End PBXResourcesBuildPhase section */

/* Begin PBXShellScriptBuildPhase section */
		12A64F28673309B6ED9A1B86 /* [CP] Check Pods Manifest.lock */ = {
			isa = PBXShellScriptBuildPhase;
			buildActionMask = 2147483647;
			files = (
			);
			inputFileListPaths = (
			);
			inputPaths = (
				"${PODS_PODFILE_DIR_PATH}/Podfile.lock",
				"${PODS_ROOT}/Manifest.lock",
			);
			name = "[CP] Check Pods Manifest.lock";
			outputFileListPaths = (
			);
			outputPaths = (
				"$(DERIVED_FILE_DIR)/Pods-Snowman-checkManifestLockResult.txt",
			);
			runOnlyForDeploymentPostprocessing = 0;
			shellPath = /bin/sh;
			shellScript = "diff \"${PODS_PODFILE_DIR_PATH}/Podfile.lock\" \"${PODS_ROOT}/Manifest.lock\" > /dev/null\nif [ $? != 0 ] ; then\n    # print error to STDERR\n    echo \"error: The sandbox is not in sync with the Podfile.lock. Run 'pod install' or update your CocoaPods installation.\" >&2\n    exit 1\nfi\n# This output is used by Xcode 'outputs' to avoid re-running this script phase.\necho \"SUCCESS\" > \"${SCRIPT_OUTPUT_FILE_0}\"\n";
			showEnvVarsInLog = 0;
		};
		6FE6998687A600991CF0918D /* [CP] Embed Pods Frameworks */ = {
			isa = PBXShellScriptBuildPhase;
			buildActionMask = 2147483647;
			files = (
			);
			inputFileListPaths = (
				"${PODS_ROOT}/Target Support Files/Pods-Snowman/Pods-Snowman-frameworks-${CONFIGURATION}-input-files.xcfilelist",
			);
			name = "[CP] Embed Pods Frameworks";
			outputFileListPaths = (
				"${PODS_ROOT}/Target Support Files/Pods-Snowman/Pods-Snowman-frameworks-${CONFIGURATION}-output-files.xcfilelist",
			);
			runOnlyForDeploymentPostprocessing = 0;
			shellPath = /bin/sh;
			shellScript = "\"${PODS_ROOT}/Target Support Files/Pods-Snowman/Pods-Snowman-frameworks.sh\"\n";
			showEnvVarsInLog = 0;
		};
		DD70F31A274121EC0053374B /* ShellScript */ = {
			isa = PBXShellScriptBuildPhase;
			buildActionMask = 2147483647;
			files = (
			);
			inputFileListPaths = (
			);
			inputPaths = (
			);
			outputFileListPaths = (
			);
			outputPaths = (
			);
			runOnlyForDeploymentPostprocessing = 0;
			shellPath = /bin/sh;
			shellScript = "# Type a script or drag a script file from your workspace to insert its path.\n${PODS_ROOT}/SwiftLint/swiftlint\n";
		};
/* End PBXShellScriptBuildPhase section */

/* Begin PBXSourcesBuildPhase section */
		C7C9CDEB2737625800DC2A09 /* Sources */ = {
			isa = PBXSourcesBuildPhase;
			buildActionMask = 2147483647;
			files = (
				C768D12D27499E04000E0677 /* CalendarDayCell.swift in Sources */,
				C768D12C27499E04000E0677 /* CalendarFlowLayout.swift in Sources */,
				C768D12A27499E04000E0677 /* CalendarView+Extensions.swift in Sources */,
				C768D131274A032E000E0677 /* ContentSizedTableView.swift in Sources */,
				DD894D3527473FF7004AF5A6 /* CharacterCollectionViewCell.swift in Sources */,
				DDBAFAF3274E8F0E0089CCD9 /* RankUserInfoResponse.swift in Sources */,
				DDA1F56A2753A7F800D9C2FB /* StampModalViewController.swift in Sources */,
				DDD7489F27477B980056C505 /* AwardTableViewCell.swift in Sources */,
				DDBF0A6D274CE88F00DA429D /* GenericPageArrayResponse.swift in Sources */,
				DD86CBF52748278E00F6EC8D /* TodoResponse.swift in Sources */,
				C7D92FD8274E874700DAA184 /* TodoAPI.swift in Sources */,
				C7F65E2E274BC50200D57086 /* AuthAPI.swift in Sources */,
				DD7D17E0274EA6F600462331 /* MakerInfoHeaderView.swift in Sources */,
				C7DE7FCB274A6CEC00C8DFB4 /* HistoryCell.swift in Sources */,
				DDFAF15B27458556005A3097 /* MoyaLoggingPlugin.swift in Sources */,
				DD02A97C2748CAE900D9B324 /* GoalRequest.swift in Sources */,
				DDBF0A69274CC7AD00DA429D /* RankViewController.swift in Sources */,
				C714B23F275268CB0062AACB /* PostTodoResponse.swift in Sources */,
				DD7D17DE274EA16C00462331 /* MakerInfoViewController.swift in Sources */,
				DD86CBEA2748232600F6EC8D /* URLConst.swift in Sources */,
				DDFAF15427458441005A3097 /* UIView+.swift in Sources */,
				C7DE7FE4274A929A00C8DFB4 /* SignUpPasswordViewController.swift in Sources */,
				C714B28D2753AF2E0062AACB /* GetGoalsByDateResponse.swift in Sources */,
				DDA1F5682753A6EC00D9C2FB /* StampCollectionViewCell.swift in Sources */,
				DDF283D0274C3BCF00C426D7 /* AlarmsResponse.swift in Sources */,
				DD7D17E5274EBC0400462331 /* PopUpViewController.swift in Sources */,
				C768D12927499E04000E0677 /* CalendarView.swift in Sources */,
				DD894D2F2747384A004AF5A6 /* NameQuestionViewController.swift in Sources */,
				DD86CBE62748210100F6EC8D /* BaseTargetType.swift in Sources */,
				C7D92FBF274D1D4400DAA184 /* HistoryTodo.swift in Sources */,
				DD02A9762748B7E800D9B324 /* UserDefaultKey.swift in Sources */,
				DD18EDF4274B93F700F4BCC1 /* NotificationResponse.swift in Sources */,
				DD02A98127495CF000D9B324 /* AwardsResponse.swift in Sources */,
				DD02A98E2749766500D9B324 /* SnoweCollectionViewCell.swift in Sources */,
				C714B2942753D74C0062AACB /* GetDailyGoalsResponse.swift in Sources */,
				DD86CBE82748216D00F6EC8D /* GoalAPI.swift in Sources */,
				C7D92FDF274E89C400DAA184 /* TodoService.swift in Sources */,
				DD02A97F2749482900D9B324 /* NewGoal.swift in Sources */,
				C7B7C04527550053005AD305 /* GetGoalsForCalendarResponse.swift in Sources */,
				DDD748A327477DA30056C505 /* MenuItemCollectionViewCell.swift in Sources */,
				C7F65E34274BCB5400D57086 /* AuthResponse.swift in Sources */,
				DDBF0A6B274CC7D600DA429D /* RankCollectionViewCell.swift in Sources */,
				DD8D19702754B21C00483D32 /* LevelUpViewController.swift in Sources */,
				DDF283C9274C0FE100C426D7 /* Notification.Name+.swift in Sources */,
				C7C9CDF72737625800DC2A09 /* ViewController.swift in Sources */,
				C7D38D722748D5440049F3AA /* DateFormatters.swift in Sources */,
				C768D12827499E04000E0677 /* CalendarView+DataSource.swift in Sources */,
				DDBAFAEE274E5A420089CCD9 /* MyPageContentTableViewCell.swift in Sources */,
				C714B288275356F80062AACB /* InternetConnectivity.swift in Sources */,
				DDF283C7274C064A00C426D7 /* UserService.swift in Sources */,
				C7DE7FDF274A90B400C8DFB4 /* UITextField+.swift in Sources */,
				C7F65E31274BC50900D57086 /* AuthService.swift in Sources */,
				C768D12E27499E04000E0677 /* CalendarView+Delegate.swift in Sources */,
				DD894D2D27473833004AF5A6 /* GoalQuestionViewController.swift in Sources */,
				DD70F2FD27411EFB0053374B /* Image.swift in Sources */,
				DD02A98727496ABF00D9B324 /* LevelStickerView.swift in Sources */,
				C768D12727499E04000E0677 /* CalendarHeaderView.swift in Sources */,
				C75A5916274687AE0001CDD1 /* CalendarViewController.swift in Sources */,
				DDFAF15227458416005A3097 /* UICollectionView+Reusable.swift in Sources */,
				DD02A98B2749762300D9B324 /* HomeViewController.swift in Sources */,
				DD02A98327495D9E00D9B324 /* AwardAPI.swift in Sources */,
				DDFAF150274583F0005A3097 /* UITableVIew+Reusable.swift in Sources */,
				C7D92FE2274E8AA200DAA184 /* PutTodoResponse.swift in Sources */,
				DD70F2FF27411F020053374B /* Color.swift in Sources */,
				DDF283C5274C04E800C426D7 /* UserAPI.swift in Sources */,
				DD5DDFDB2751FAEF007E29DD /* ViewTitle.swift in Sources */,
				DDA1F56C2753A84300D9C2FB /* ModalPresentationController.swift in Sources */,
				DD86CBEF2748257B00F6EC8D /* ErrorResponse.swift in Sources */,
				DDD7489C274776C30056C505 /* AwardViewController.swift in Sources */,
				C7DE7FD6274A830A00C8DFB4 /* SignUpNameIdViewController.swift in Sources */,
				C714B27D2752CAD90062AACB /* TodoView.swift in Sources */,
				DD70F30127411F0A0053374B /* Font.swift in Sources */,
				DDFAF15827458488005A3097 /* UIStackView+.swift in Sources */,
				C768D11A2749955B000E0677 /* TodoModel.swift in Sources */,
				C714B2852753543E0062AACB /* NoNetworkViewController.swift in Sources */,
				DDD748A127477D430056C505 /* TopTabBarViewController.swift in Sources */,
				DDFAF15627458457005A3097 /* UIButton+.swift in Sources */,
				DD02A990274976A700D9B324 /* ZoomAndSnapFlowLayout.swift in Sources */,
				DDF283CE274C346600C426D7 /* HomeNavigationViewController.swift in Sources */,
				DD86CBF72748284D00F6EC8D /* NetworkService.swift in Sources */,
				C714B2802752CD370062AACB /* HomeTodoCell.swift in Sources */,
				DDFAF14E274583AA005A3097 /* Reusable.swift in Sources */,
				C768D12B27499E04000E0677 /* CalendarView+Style.swift in Sources */,
				C7D38D782748D8090049F3AA /* Date+.swift in Sources */,
				C7F65E37274BD03600D57086 /* RootViewControllerChanger.swift in Sources */,
				C7DE7FD2274A830300C8DFB4 /* SignInViewController.swift in Sources */,
				C768D12627499E04000E0677 /* EventsManager.swift in Sources */,
				DDBAFAF1274E5C7E0089CCD9 /* MyPageHeaderView.swift in Sources */,
				DDFAF14B27457FCB005A3097 /* BaseViewController.swift in Sources */,
				DDE00F10274B902300BD2C20 /* NotificationTableViewCell.swift in Sources */,
				C7DE7FC7274A5B6B00C8DFB4 /* HistoryViewController.swift in Sources */,
				C7DE7FDA274A882300C8DFB4 /* StartSignInViewController.swift in Sources */,
				C7C9CDF32737625800DC2A09 /* AppDelegate.swift in Sources */,
				C7F4B8E427497EB0002DD317 /* CalendarTodoCell.swift in Sources */,
				C7D92FC5274D442F00DAA184 /* Sequence+.swift in Sources */,
				DDA1F5662753A67300D9C2FB /* StampViewController.swift in Sources */,
				DD86CBF12748265200F6EC8D /* NetworkResult.swift in Sources */,
				DD892245274AC72E00316FE0 /* UserResponse.swift in Sources */,
				DD894D3727474F98004AF5A6 /* GoalCreationViewController.swift in Sources */,
				DD02A97A2748C09A00D9B324 /* Snowe.swift in Sources */,
				DDD50EED274681E100EA508F /* QuestionBaseViewController.swift in Sources */,
				DDD748A52747B1D80056C505 /* UIImage+.swift in Sources */,
				DDFAF14927457FA4005A3097 /* BaseNavigationController.swift in Sources */,
				DD86CBEC274824EA00F6EC8D /* GoalService.swift in Sources */,
				DDBAFAEA274E578A0089CCD9 /* MyPageViewController.swift in Sources */,
				DDE00F0C274B8F7300BD2C20 /* NotificationViewController.swift in Sources */,
				DD894D3127473DEF004AF5A6 /* CharacterChoiceViewController.swift in Sources */,
				C7D92FC2274D402E00DAA184 /* String+.swift in Sources */,
				DD7D17E2274EAFF700462331 /* DeleteCharacterViewController.swift in Sources */,
				DD86CBF3274826FA00F6EC8D /* GoalResponse.swift in Sources */,
				DDA1F56E2753A8F400D9C2FB /* StampResponse.swift in Sources */,
				DD02A98527495F5700D9B324 /* AwardService.swift in Sources */,
			);
			runOnlyForDeploymentPostprocessing = 0;
		};
/* End PBXSourcesBuildPhase section */

/* Begin PBXVariantGroup section */
		C7C9CDFD2737625F00DC2A09 /* LaunchScreen.storyboard */ = {
			isa = PBXVariantGroup;
			children = (
				C7C9CDFE2737625F00DC2A09 /* Base */,
			);
			name = LaunchScreen.storyboard;
			sourceTree = "<group>";
		};
/* End PBXVariantGroup section */

/* Begin XCBuildConfiguration section */
		C7C9CE012737625F00DC2A09 /* Debug */ = {
			isa = XCBuildConfiguration;
			buildSettings = {
				ALWAYS_SEARCH_USER_PATHS = NO;
				CLANG_ANALYZER_NONNULL = YES;
				CLANG_ANALYZER_NUMBER_OBJECT_CONVERSION = YES_AGGRESSIVE;
				CLANG_CXX_LANGUAGE_STANDARD = "gnu++14";
				CLANG_CXX_LIBRARY = "libc++";
				CLANG_ENABLE_MODULES = YES;
				CLANG_ENABLE_OBJC_ARC = YES;
				CLANG_ENABLE_OBJC_WEAK = YES;
				CLANG_WARN_BLOCK_CAPTURE_AUTORELEASING = YES;
				CLANG_WARN_BOOL_CONVERSION = YES;
				CLANG_WARN_COMMA = YES;
				CLANG_WARN_CONSTANT_CONVERSION = YES;
				CLANG_WARN_DEPRECATED_OBJC_IMPLEMENTATIONS = YES;
				CLANG_WARN_DIRECT_OBJC_ISA_USAGE = YES_ERROR;
				CLANG_WARN_DOCUMENTATION_COMMENTS = YES;
				CLANG_WARN_EMPTY_BODY = YES;
				CLANG_WARN_ENUM_CONVERSION = YES;
				CLANG_WARN_INFINITE_RECURSION = YES;
				CLANG_WARN_INT_CONVERSION = YES;
				CLANG_WARN_NON_LITERAL_NULL_CONVERSION = YES;
				CLANG_WARN_OBJC_IMPLICIT_RETAIN_SELF = YES;
				CLANG_WARN_OBJC_LITERAL_CONVERSION = YES;
				CLANG_WARN_OBJC_ROOT_CLASS = YES_ERROR;
				CLANG_WARN_QUOTED_INCLUDE_IN_FRAMEWORK_HEADER = YES;
				CLANG_WARN_RANGE_LOOP_ANALYSIS = YES;
				CLANG_WARN_STRICT_PROTOTYPES = YES;
				CLANG_WARN_SUSPICIOUS_MOVE = YES;
				CLANG_WARN_UNGUARDED_AVAILABILITY = YES_AGGRESSIVE;
				CLANG_WARN_UNREACHABLE_CODE = YES;
				CLANG_WARN__DUPLICATE_METHOD_MATCH = YES;
				COPY_PHASE_STRIP = NO;
				DEBUG_INFORMATION_FORMAT = dwarf;
				ENABLE_STRICT_OBJC_MSGSEND = YES;
				ENABLE_TESTABILITY = YES;
				GCC_C_LANGUAGE_STANDARD = gnu11;
				GCC_DYNAMIC_NO_PIC = NO;
				GCC_NO_COMMON_BLOCKS = YES;
				GCC_OPTIMIZATION_LEVEL = 0;
				GCC_PREPROCESSOR_DEFINITIONS = (
					"DEBUG=1",
					"$(inherited)",
				);
				GCC_WARN_64_TO_32_BIT_CONVERSION = YES;
				GCC_WARN_ABOUT_RETURN_TYPE = YES_ERROR;
				GCC_WARN_UNDECLARED_SELECTOR = YES;
				GCC_WARN_UNINITIALIZED_AUTOS = YES_AGGRESSIVE;
				GCC_WARN_UNUSED_FUNCTION = YES;
				GCC_WARN_UNUSED_VARIABLE = YES;
				IPHONEOS_DEPLOYMENT_TARGET = 14.1;
				MTL_ENABLE_DEBUG_INFO = INCLUDE_SOURCE;
				MTL_FAST_MATH = YES;
				ONLY_ACTIVE_ARCH = YES;
				SDKROOT = iphoneos;
				SWIFT_ACTIVE_COMPILATION_CONDITIONS = DEBUG;
				SWIFT_OPTIMIZATION_LEVEL = "-Onone";
				SWIFT_VERSION = 5.0;
			};
			name = Debug;
		};
		C7C9CE022737625F00DC2A09 /* Release */ = {
			isa = XCBuildConfiguration;
			buildSettings = {
				ALWAYS_SEARCH_USER_PATHS = NO;
				CLANG_ANALYZER_NONNULL = YES;
				CLANG_ANALYZER_NUMBER_OBJECT_CONVERSION = YES_AGGRESSIVE;
				CLANG_CXX_LANGUAGE_STANDARD = "gnu++14";
				CLANG_CXX_LIBRARY = "libc++";
				CLANG_ENABLE_MODULES = YES;
				CLANG_ENABLE_OBJC_ARC = YES;
				CLANG_ENABLE_OBJC_WEAK = YES;
				CLANG_WARN_BLOCK_CAPTURE_AUTORELEASING = YES;
				CLANG_WARN_BOOL_CONVERSION = YES;
				CLANG_WARN_COMMA = YES;
				CLANG_WARN_CONSTANT_CONVERSION = YES;
				CLANG_WARN_DEPRECATED_OBJC_IMPLEMENTATIONS = YES;
				CLANG_WARN_DIRECT_OBJC_ISA_USAGE = YES_ERROR;
				CLANG_WARN_DOCUMENTATION_COMMENTS = YES;
				CLANG_WARN_EMPTY_BODY = YES;
				CLANG_WARN_ENUM_CONVERSION = YES;
				CLANG_WARN_INFINITE_RECURSION = YES;
				CLANG_WARN_INT_CONVERSION = YES;
				CLANG_WARN_NON_LITERAL_NULL_CONVERSION = YES;
				CLANG_WARN_OBJC_IMPLICIT_RETAIN_SELF = YES;
				CLANG_WARN_OBJC_LITERAL_CONVERSION = YES;
				CLANG_WARN_OBJC_ROOT_CLASS = YES_ERROR;
				CLANG_WARN_QUOTED_INCLUDE_IN_FRAMEWORK_HEADER = YES;
				CLANG_WARN_RANGE_LOOP_ANALYSIS = YES;
				CLANG_WARN_STRICT_PROTOTYPES = YES;
				CLANG_WARN_SUSPICIOUS_MOVE = YES;
				CLANG_WARN_UNGUARDED_AVAILABILITY = YES_AGGRESSIVE;
				CLANG_WARN_UNREACHABLE_CODE = YES;
				CLANG_WARN__DUPLICATE_METHOD_MATCH = YES;
				COPY_PHASE_STRIP = NO;
				DEBUG_INFORMATION_FORMAT = "dwarf-with-dsym";
				ENABLE_NS_ASSERTIONS = NO;
				ENABLE_STRICT_OBJC_MSGSEND = YES;
				GCC_C_LANGUAGE_STANDARD = gnu11;
				GCC_NO_COMMON_BLOCKS = YES;
				GCC_WARN_64_TO_32_BIT_CONVERSION = YES;
				GCC_WARN_ABOUT_RETURN_TYPE = YES_ERROR;
				GCC_WARN_UNDECLARED_SELECTOR = YES;
				GCC_WARN_UNINITIALIZED_AUTOS = YES_AGGRESSIVE;
				GCC_WARN_UNUSED_FUNCTION = YES;
				GCC_WARN_UNUSED_VARIABLE = YES;
				IPHONEOS_DEPLOYMENT_TARGET = 14.1;
				MTL_ENABLE_DEBUG_INFO = NO;
				MTL_FAST_MATH = YES;
				SDKROOT = iphoneos;
				SWIFT_COMPILATION_MODE = wholemodule;
				SWIFT_OPTIMIZATION_LEVEL = "-O";
				SWIFT_VERSION = 5.0;
				VALIDATE_PRODUCT = YES;
			};
			name = Release;
		};
		C7C9CE042737625F00DC2A09 /* Debug */ = {
			isa = XCBuildConfiguration;
			baseConfigurationReference = 9688495685D4CE9B2C338215 /* Pods-Snowman.debug.xcconfig */;
			buildSettings = {
				ASSETCATALOG_COMPILER_APPICON_NAME = AppIcon;
				ASSETCATALOG_COMPILER_GLOBAL_ACCENT_COLOR_NAME = AccentColor;
				CODE_SIGN_ENTITLEMENTS = Snowman/Snowman.entitlements;
				CODE_SIGN_STYLE = Automatic;
				DEVELOPMENT_TEAM = 2N3PMJ78CA;
				INFOPLIST_FILE = Snowman/Support/Config/Info.plist;
				LD_RUNPATH_SEARCH_PATHS = (
					"$(inherited)",
					"@executable_path/Frameworks",
				);
				PRODUCT_BUNDLE_IDENTIFIER = com.yourssu.snowe;
				PRODUCT_NAME = "$(TARGET_NAME)";
				SWIFT_VERSION = 5.0;
				TARGETED_DEVICE_FAMILY = "1,2";
			};
			name = Debug;
		};
		C7C9CE052737625F00DC2A09 /* Release */ = {
			isa = XCBuildConfiguration;
			baseConfigurationReference = 788ACA07E071AF9CA17DB541 /* Pods-Snowman.release.xcconfig */;
			buildSettings = {
				ASSETCATALOG_COMPILER_APPICON_NAME = AppIcon;
				ASSETCATALOG_COMPILER_GLOBAL_ACCENT_COLOR_NAME = AccentColor;
				CODE_SIGN_ENTITLEMENTS = Snowman/Snowman.entitlements;
				CODE_SIGN_IDENTITY = "Apple Development";
				CODE_SIGN_STYLE = Automatic;
				DEVELOPMENT_TEAM = 2N3PMJ78CA;
				INFOPLIST_FILE = Snowman/Support/Config/Info.plist;
				LD_RUNPATH_SEARCH_PATHS = (
					"$(inherited)",
					"@executable_path/Frameworks",
				);
				PRODUCT_BUNDLE_IDENTIFIER = com.yourssu.snowe;
				PRODUCT_NAME = "$(TARGET_NAME)";
				PROVISIONING_PROFILE_SPECIFIER = "";
				SWIFT_VERSION = 5.0;
				TARGETED_DEVICE_FAMILY = "1,2";
			};
			name = Release;
		};
/* End XCBuildConfiguration section */

/* Begin XCConfigurationList section */
		C7C9CDEA2737625800DC2A09 /* Build configuration list for PBXProject "Snowman" */ = {
			isa = XCConfigurationList;
			buildConfigurations = (
				C7C9CE012737625F00DC2A09 /* Debug */,
				C7C9CE022737625F00DC2A09 /* Release */,
			);
			defaultConfigurationIsVisible = 0;
			defaultConfigurationName = Release;
		};
		C7C9CE032737625F00DC2A09 /* Build configuration list for PBXNativeTarget "Snowman" */ = {
			isa = XCConfigurationList;
			buildConfigurations = (
				C7C9CE042737625F00DC2A09 /* Debug */,
				C7C9CE052737625F00DC2A09 /* Release */,
			);
			defaultConfigurationIsVisible = 0;
			defaultConfigurationName = Release;
		};
/* End XCConfigurationList section */

/* Begin XCRemoteSwiftPackageReference section */
		DD70F3022741202D0053374B /* XCRemoteSwiftPackageReference "SnapKit" */ = {
			isa = XCRemoteSwiftPackageReference;
			repositoryURL = "https://github.com/SnapKit/SnapKit";
			requirement = {
				kind = upToNextMajorVersion;
				minimumVersion = 5.0.1;
			};
		};
		DD70F30B2741209F0053374B /* XCRemoteSwiftPackageReference "Then" */ = {
			isa = XCRemoteSwiftPackageReference;
			repositoryURL = "https://github.com/devxoul/Then";
			requirement = {
				kind = upToNextMajorVersion;
				minimumVersion = 2.7.0;
			};
		};
		DD70F30E274120C10053374B /* XCRemoteSwiftPackageReference "Kingfisher" */ = {
			isa = XCRemoteSwiftPackageReference;
			repositoryURL = "https://github.com/onevcat/Kingfisher";
			requirement = {
				kind = upToNextMajorVersion;
				minimumVersion = 7.1.1;
			};
		};
		DD70F314274121570053374B /* XCRemoteSwiftPackageReference "PanModal" */ = {
			isa = XCRemoteSwiftPackageReference;
			repositoryURL = "https://github.com/slackhq/PanModal";
			requirement = {
				kind = upToNextMajorVersion;
				minimumVersion = 1.2.7;
			};
		};
		DD70F31B2741254B0053374B /* XCRemoteSwiftPackageReference "Moya" */ = {
			isa = XCRemoteSwiftPackageReference;
			repositoryURL = "https://github.com/Moya/Moya";
			requirement = {
				kind = upToNextMajorVersion;
				minimumVersion = 15.0.0;
			};
		};
/* End XCRemoteSwiftPackageReference section */

/* Begin XCSwiftPackageProductDependency section */
		DD70F3032741202D0053374B /* SnapKit */ = {
			isa = XCSwiftPackageProductDependency;
			package = DD70F3022741202D0053374B /* XCRemoteSwiftPackageReference "SnapKit" */;
			productName = SnapKit;
		};
		DD70F30C2741209F0053374B /* Then */ = {
			isa = XCSwiftPackageProductDependency;
			package = DD70F30B2741209F0053374B /* XCRemoteSwiftPackageReference "Then" */;
			productName = Then;
		};
		DD70F30F274120C10053374B /* Kingfisher */ = {
			isa = XCSwiftPackageProductDependency;
			package = DD70F30E274120C10053374B /* XCRemoteSwiftPackageReference "Kingfisher" */;
			productName = Kingfisher;
		};
		DD70F315274121570053374B /* PanModal */ = {
			isa = XCSwiftPackageProductDependency;
			package = DD70F314274121570053374B /* XCRemoteSwiftPackageReference "PanModal" */;
			productName = PanModal;
		};
		DD70F31C2741254B0053374B /* Moya */ = {
			isa = XCSwiftPackageProductDependency;
			package = DD70F31B2741254B0053374B /* XCRemoteSwiftPackageReference "Moya" */;
			productName = Moya;
		};
/* End XCSwiftPackageProductDependency section */
	};
	rootObject = C7C9CDE72737625800DC2A09 /* Project object */;
}
